// !$*UTF8*$!
{
	archiveVersion = 1;
	classes = {
	};
	objectVersion = 55;
	objects = {

/* Begin PBXBuildFile section */
		26442359DE9140B50D00F816 /* Pods_ThreadGame.framework in Frameworks */ = {isa = PBXBuildFile; fileRef = F49946AE1550BC2F184BAE4D /* Pods_ThreadGame.framework */; };
		9F442A382756C5AE00F7B8D1 /* StartViewController.swift in Sources */ = {isa = PBXBuildFile; fileRef = 9F442A372756C5AE00F7B8D1 /* StartViewController.swift */; };
		9F442A3A2756D2B000F7B8D1 /* HowToPlayViewController.swift in Sources */ = {isa = PBXBuildFile; fileRef = 9F442A392756D2B000F7B8D1 /* HowToPlayViewController.swift */; };
		9F8BC7B3275D04110019FCCE /* SettingViewController.swift in Sources */ = {isa = PBXBuildFile; fileRef = 9F8BC7B2275D04110019FCCE /* SettingViewController.swift */; };
		9F9FE122275640AC000535C3 /* Constatns.swift in Sources */ = {isa = PBXBuildFile; fileRef = 9F9FE121275640AC000535C3 /* Constatns.swift */; };
		9FCEE0032759332F00748C97 /* RankViewController + TableView.swift in Sources */ = {isa = PBXBuildFile; fileRef = 9FCEE0022759332F00748C97 /* RankViewController + TableView.swift */; };
		9FCEE0062759338500748C97 /* RankCell.swift in Sources */ = {isa = PBXBuildFile; fileRef = 9FCEE0052759338500748C97 /* RankCell.swift */; };
		9FE008822760509F0014EE18 /* jungle.wav in Resources */ = {isa = PBXBuildFile; fileRef = 9FE008812760509F0014EE18 /* jungle.wav */; };
		9FE00884276057910014EE18 /* 배경음악.mp3 in Resources */ = {isa = PBXBuildFile; fileRef = 9FE00883276057910014EE18 /* 배경음악.mp3 */; };
		9FF06B9127527C0000890577 /* AppDelegate.swift in Sources */ = {isa = PBXBuildFile; fileRef = 9FF06B9027527C0000890577 /* AppDelegate.swift */; };
		9FF06B9327527C0000890577 /* SceneDelegate.swift in Sources */ = {isa = PBXBuildFile; fileRef = 9FF06B9227527C0000890577 /* SceneDelegate.swift */; };
		9FF06B9A27527C0100890577 /* Assets.xcassets in Resources */ = {isa = PBXBuildFile; fileRef = 9FF06B9927527C0100890577 /* Assets.xcassets */; };
		9FF06B9D27527C0100890577 /* LaunchScreen.storyboard in Resources */ = {isa = PBXBuildFile; fileRef = 9FF06B9B27527C0100890577 /* LaunchScreen.storyboard */; };
		9FF06BA82753C95D00890577 /* GameViewController.swift in Sources */ = {isa = PBXBuildFile; fileRef = 9FF06BA72753C95D00890577 /* GameViewController.swift */; };
		9FF5960627588EC500048CA3 /* MakeNicNameViewController.swift in Sources */ = {isa = PBXBuildFile; fileRef = 9FF5960527588EC500048CA3 /* MakeNicNameViewController.swift */; };
		9FF596082758A65200048CA3 /* RankViewController.swift in Sources */ = {isa = PBXBuildFile; fileRef = 9FF596072758A65200048CA3 /* RankViewController.swift */; };
/* End PBXBuildFile section */

/* Begin PBXFileReference section */
		437AFCC4796A33BBCB94590A /* Pods-ThreadGame.release.xcconfig */ = {isa = PBXFileReference; includeInIndex = 1; lastKnownFileType = text.xcconfig; name = "Pods-ThreadGame.release.xcconfig"; path = "Target Support Files/Pods-ThreadGame/Pods-ThreadGame.release.xcconfig"; sourceTree = "<group>"; };
		959F3F11F9B1E65F2480EB3E /* Pods-ThreadGame.debug.xcconfig */ = {isa = PBXFileReference; includeInIndex = 1; lastKnownFileType = text.xcconfig; name = "Pods-ThreadGame.debug.xcconfig"; path = "Target Support Files/Pods-ThreadGame/Pods-ThreadGame.debug.xcconfig"; sourceTree = "<group>"; };
		9F442A372756C5AE00F7B8D1 /* StartViewController.swift */ = {isa = PBXFileReference; lastKnownFileType = sourcecode.swift; path = StartViewController.swift; sourceTree = "<group>"; };
		9F442A392756D2B000F7B8D1 /* HowToPlayViewController.swift */ = {isa = PBXFileReference; lastKnownFileType = sourcecode.swift; path = HowToPlayViewController.swift; sourceTree = "<group>"; };
		9F8BC7B2275D04110019FCCE /* SettingViewController.swift */ = {isa = PBXFileReference; lastKnownFileType = sourcecode.swift; path = SettingViewController.swift; sourceTree = "<group>"; };
		9F9FE121275640AC000535C3 /* Constatns.swift */ = {isa = PBXFileReference; lastKnownFileType = sourcecode.swift; path = Constatns.swift; sourceTree = "<group>"; };
		9FCEE0022759332F00748C97 /* RankViewController + TableView.swift */ = {isa = PBXFileReference; lastKnownFileType = sourcecode.swift; path = "RankViewController + TableView.swift"; sourceTree = "<group>"; };
		9FCEE0052759338500748C97 /* RankCell.swift */ = {isa = PBXFileReference; lastKnownFileType = sourcecode.swift; path = RankCell.swift; sourceTree = "<group>"; };
		9FE008812760509F0014EE18 /* jungle.wav */ = {isa = PBXFileReference; lastKnownFileType = audio.wav; path = jungle.wav; sourceTree = "<group>"; };
		9FE00883276057910014EE18 /* 배경음악.mp3 */ = {isa = PBXFileReference; lastKnownFileType = audio.mp3; path = "배경음악.mp3"; sourceTree = "<group>"; };
		9FF06B8D27527C0000890577 /* ThreadGame.app */ = {isa = PBXFileReference; explicitFileType = wrapper.application; includeInIndex = 0; path = ThreadGame.app; sourceTree = BUILT_PRODUCTS_DIR; };
		9FF06B9027527C0000890577 /* AppDelegate.swift */ = {isa = PBXFileReference; lastKnownFileType = sourcecode.swift; path = AppDelegate.swift; sourceTree = "<group>"; };
		9FF06B9227527C0000890577 /* SceneDelegate.swift */ = {isa = PBXFileReference; lastKnownFileType = sourcecode.swift; path = SceneDelegate.swift; sourceTree = "<group>"; };
		9FF06B9927527C0100890577 /* Assets.xcassets */ = {isa = PBXFileReference; lastKnownFileType = folder.assetcatalog; path = Assets.xcassets; sourceTree = "<group>"; };
		9FF06B9C27527C0100890577 /* Base */ = {isa = PBXFileReference; lastKnownFileType = file.storyboard; name = Base; path = Base.lproj/LaunchScreen.storyboard; sourceTree = "<group>"; };
		9FF06B9E27527C0100890577 /* Info.plist */ = {isa = PBXFileReference; lastKnownFileType = text.plist.xml; path = Info.plist; sourceTree = "<group>"; };
		9FF06BA72753C95D00890577 /* GameViewController.swift */ = {isa = PBXFileReference; lastKnownFileType = sourcecode.swift; path = GameViewController.swift; sourceTree = "<group>"; };
		9FF5960527588EC500048CA3 /* MakeNicNameViewController.swift */ = {isa = PBXFileReference; lastKnownFileType = sourcecode.swift; path = MakeNicNameViewController.swift; sourceTree = "<group>"; };
		9FF596072758A65200048CA3 /* RankViewController.swift */ = {isa = PBXFileReference; lastKnownFileType = sourcecode.swift; path = RankViewController.swift; sourceTree = "<group>"; };
		F49946AE1550BC2F184BAE4D /* Pods_ThreadGame.framework */ = {isa = PBXFileReference; explicitFileType = wrapper.framework; includeInIndex = 0; path = Pods_ThreadGame.framework; sourceTree = BUILT_PRODUCTS_DIR; };
/* End PBXFileReference section */

/* Begin PBXFrameworksBuildPhase section */
		9FF06B8A27527C0000890577 /* Frameworks */ = {
			isa = PBXFrameworksBuildPhase;
			buildActionMask = 2147483647;
			files = (
				26442359DE9140B50D00F816 /* Pods_ThreadGame.framework in Frameworks */,
			);
			runOnlyForDeploymentPostprocessing = 0;
		};
/* End PBXFrameworksBuildPhase section */

/* Begin PBXGroup section */
		98C4662E0674490D2DCED9AA /* Frameworks */ = {
			isa = PBXGroup;
			children = (
				F49946AE1550BC2F184BAE4D /* Pods_ThreadGame.framework */,
			);
			name = Frameworks;
			sourceTree = "<group>";
		};
		9F8BC7B1275D03FE0019FCCE /* Setting */ = {
			isa = PBXGroup;
			children = (
				9F8BC7B2275D04110019FCCE /* SettingViewController.swift */,
			);
			path = Setting;
			sourceTree = "<group>";
		};
		9F9FE1202756409E000535C3 /* Constatns */ = {
			isa = PBXGroup;
			children = (
				9F9FE121275640AC000535C3 /* Constatns.swift */,
			);
			path = Constatns;
			sourceTree = "<group>";
		};
		9FCEDFF22759277500748C97 /* Game */ = {
			isa = PBXGroup;
			children = (
				9FF5960527588EC500048CA3 /* MakeNicNameViewController.swift */,
				9FF06BA72753C95D00890577 /* GameViewController.swift */,
			);
			path = Game;
			sourceTree = "<group>";
		};
		9FCEDFF32759278E00748C97 /* Home */ = {
			isa = PBXGroup;
			children = (
				9FCEE0042759337500748C97 /* Cells */,
				9FCEDFF52759288700748C97 /* Controllers */,
			);
			path = Home;
			sourceTree = "<group>";
		};
		9FCEDFF42759286500748C97 /* Scenes */ = {
			isa = PBXGroup;
			children = (
				9F8BC7B1275D03FE0019FCCE /* Setting */,
				9FCEDFF32759278E00748C97 /* Home */,
				9FCEDFF22759277500748C97 /* Game */,
			);
			path = Scenes;
			sourceTree = "<group>";
		};
		9FCEDFF52759288700748C97 /* Controllers */ = {
			isa = PBXGroup;
			children = (
				9F442A372756C5AE00F7B8D1 /* StartViewController.swift */,
				9F442A392756D2B000F7B8D1 /* HowToPlayViewController.swift */,
				9FF596072758A65200048CA3 /* RankViewController.swift */,
			);
			path = Controllers;
			sourceTree = "<group>";
		};
		9FCEDFF7275928C600748C97 /* Resource */ = {
			isa = PBXGroup;
			children = (
				9FE00880276050630014EE18 /* AudioFiles */,
				9FCEE0012759331800748C97 /* Extensions */,
				9F9FE1202756409E000535C3 /* Constatns */,
				9FF06B9927527C0100890577 /* Assets.xcassets */,
			);
			path = Resource;
			sourceTree = "<group>";
		};
		9FCEE0012759331800748C97 /* Extensions */ = {
			isa = PBXGroup;
			children = (
				9FCEE0022759332F00748C97 /* RankViewController + TableView.swift */,
			);
			path = Extensions;
			sourceTree = "<group>";
		};
		9FCEE0042759337500748C97 /* Cells */ = {
			isa = PBXGroup;
			children = (
				9FCEE0052759338500748C97 /* RankCell.swift */,
			);
			path = Cells;
			sourceTree = "<group>";
		};
		9FE00880276050630014EE18 /* AudioFiles */ = {
			isa = PBXGroup;
			children = (
				9FE00883276057910014EE18 /* 배경음악.mp3 */,
				9FE008812760509F0014EE18 /* jungle.wav */,
			);
			path = AudioFiles;
			sourceTree = "<group>";
		};
		9FF06B8427527C0000890577 = {
			isa = PBXGroup;
			children = (
				9FF06B8F27527C0000890577 /* ThreadGame */,
				9FF06B8E27527C0000890577 /* Products */,
				D4120B70A98A9FB7E8AE0DBD /* Pods */,
				98C4662E0674490D2DCED9AA /* Frameworks */,
			);
			sourceTree = "<group>";
		};
		9FF06B8E27527C0000890577 /* Products */ = {
			isa = PBXGroup;
			children = (
				9FF06B8D27527C0000890577 /* ThreadGame.app */,
			);
			name = Products;
			sourceTree = "<group>";
		};
		9FF06B8F27527C0000890577 /* ThreadGame */ = {
			isa = PBXGroup;
			children = (
				9FF06BA427527C6400890577 /* Applications */,
				9FCEDFF7275928C600748C97 /* Resource */,
				9FF06BA627527C8400890577 /* Sources */,
				9FF06B9B27527C0100890577 /* LaunchScreen.storyboard */,
				9FF06B9E27527C0100890577 /* Info.plist */,
			);
			path = ThreadGame;
			sourceTree = "<group>";
		};
		9FF06BA427527C6400890577 /* Applications */ = {
			isa = PBXGroup;
			children = (
				9FF06B9027527C0000890577 /* AppDelegate.swift */,
				9FF06B9227527C0000890577 /* SceneDelegate.swift */,
			);
			path = Applications;
			sourceTree = "<group>";
		};
		9FF06BA627527C8400890577 /* Sources */ = {
			isa = PBXGroup;
			children = (
				9FCEDFF42759286500748C97 /* Scenes */,
			);
			path = Sources;
			sourceTree = "<group>";
		};
		D4120B70A98A9FB7E8AE0DBD /* Pods */ = {
			isa = PBXGroup;
			children = (
				959F3F11F9B1E65F2480EB3E /* Pods-ThreadGame.debug.xcconfig */,
				437AFCC4796A33BBCB94590A /* Pods-ThreadGame.release.xcconfig */,
			);
			path = Pods;
			sourceTree = "<group>";
		};
/* End PBXGroup section */

/* Begin PBXNativeTarget section */
		9FF06B8C27527C0000890577 /* ThreadGame */ = {
			isa = PBXNativeTarget;
			buildConfigurationList = 9FF06BA127527C0100890577 /* Build configuration list for PBXNativeTarget "ThreadGame" */;
			buildPhases = (
				D42A4B9C9F434CA499897DCD /* [CP] Check Pods Manifest.lock */,
				9FF06B8927527C0000890577 /* Sources */,
				9FF06B8A27527C0000890577 /* Frameworks */,
				9FF06B8B27527C0000890577 /* Resources */,
				367671429E29C0FD2E3A5E5C /* [CP] Embed Pods Frameworks */,
			);
			buildRules = (
			);
			dependencies = (
			);
			name = ThreadGame;
			productName = ThreadGame;
			productReference = 9FF06B8D27527C0000890577 /* ThreadGame.app */;
			productType = "com.apple.product-type.application";
		};
/* End PBXNativeTarget section */

/* Begin PBXProject section */
		9FF06B8527527C0000890577 /* Project object */ = {
			isa = PBXProject;
			attributes = {
				BuildIndependentTargetsInParallel = 1;
				LastSwiftUpdateCheck = 1310;
				LastUpgradeCheck = 1310;
				TargetAttributes = {
					9FF06B8C27527C0000890577 = {
						CreatedOnToolsVersion = 13.1;
					};
				};
			};
			buildConfigurationList = 9FF06B8827527C0000890577 /* Build configuration list for PBXProject "ThreadGame" */;
			compatibilityVersion = "Xcode 13.0";
			developmentRegion = en;
			hasScannedForEncodings = 0;
			knownRegions = (
				en,
				Base,
			);
			mainGroup = 9FF06B8427527C0000890577;
			productRefGroup = 9FF06B8E27527C0000890577 /* Products */;
			projectDirPath = "";
			projectRoot = "";
			targets = (
				9FF06B8C27527C0000890577 /* ThreadGame */,
			);
		};
/* End PBXProject section */

/* Begin PBXResourcesBuildPhase section */
		9FF06B8B27527C0000890577 /* Resources */ = {
			isa = PBXResourcesBuildPhase;
			buildActionMask = 2147483647;
			files = (
				9FF06B9D27527C0100890577 /* LaunchScreen.storyboard in Resources */,
				9FF06B9A27527C0100890577 /* Assets.xcassets in Resources */,
				9FE00884276057910014EE18 /* 배경음악.mp3 in Resources */,
				9FE008822760509F0014EE18 /* jungle.wav in Resources */,
			);
			runOnlyForDeploymentPostprocessing = 0;
		};
/* End PBXResourcesBuildPhase section */

/* Begin PBXShellScriptBuildPhase section */
		367671429E29C0FD2E3A5E5C /* [CP] Embed Pods Frameworks */ = {
			isa = PBXShellScriptBuildPhase;
			buildActionMask = 2147483647;
			files = (
			);
			inputFileListPaths = (
				"${PODS_ROOT}/Target Support Files/Pods-ThreadGame/Pods-ThreadGame-frameworks-${CONFIGURATION}-input-files.xcfilelist",
			);
			name = "[CP] Embed Pods Frameworks";
			outputFileListPaths = (
				"${PODS_ROOT}/Target Support Files/Pods-ThreadGame/Pods-ThreadGame-frameworks-${CONFIGURATION}-output-files.xcfilelist",
			);
			runOnlyForDeploymentPostprocessing = 0;
			shellPath = /bin/sh;
			shellScript = "\"${PODS_ROOT}/Target Support Files/Pods-ThreadGame/Pods-ThreadGame-frameworks.sh\"\n";
			showEnvVarsInLog = 0;
		};
		D42A4B9C9F434CA499897DCD /* [CP] Check Pods Manifest.lock */ = {
			isa = PBXShellScriptBuildPhase;
			buildActionMask = 2147483647;
			files = (
			);
			inputFileListPaths = (
			);
			inputPaths = (
				"${PODS_PODFILE_DIR_PATH}/Podfile.lock",
				"${PODS_ROOT}/Manifest.lock",
			);
			name = "[CP] Check Pods Manifest.lock";
			outputFileListPaths = (
			);
			outputPaths = (
				"$(DERIVED_FILE_DIR)/Pods-ThreadGame-checkManifestLockResult.txt",
			);
			runOnlyForDeploymentPostprocessing = 0;
			shellPath = /bin/sh;
			shellScript = "diff \"${PODS_PODFILE_DIR_PATH}/Podfile.lock\" \"${PODS_ROOT}/Manifest.lock\" > /dev/null\nif [ $? != 0 ] ; then\n    # print error to STDERR\n    echo \"error: The sandbox is not in sync with the Podfile.lock. Run 'pod install' or update your CocoaPods installation.\" >&2\n    exit 1\nfi\n# This output is used by Xcode 'outputs' to avoid re-running this script phase.\necho \"SUCCESS\" > \"${SCRIPT_OUTPUT_FILE_0}\"\n";
			showEnvVarsInLog = 0;
		};
/* End PBXShellScriptBuildPhase section */

/* Begin PBXSourcesBuildPhase section */
		9FF06B8927527C0000890577 /* Sources */ = {
			isa = PBXSourcesBuildPhase;
			buildActionMask = 2147483647;
			files = (
				9F442A382756C5AE00F7B8D1 /* StartViewController.swift in Sources */,
				9F8BC7B3275D04110019FCCE /* SettingViewController.swift in Sources */,
				9FF06BA82753C95D00890577 /* GameViewController.swift in Sources */,
				9FF5960627588EC500048CA3 /* MakeNicNameViewController.swift in Sources */,
				9F442A3A2756D2B000F7B8D1 /* HowToPlayViewController.swift in Sources */,
				9FF06B9127527C0000890577 /* AppDelegate.swift in Sources */,
				9F9FE122275640AC000535C3 /* Constatns.swift in Sources */,
				9FCEE0062759338500748C97 /* RankCell.swift in Sources */,
				9FF596082758A65200048CA3 /* RankViewController.swift in Sources */,
				9FCEE0032759332F00748C97 /* RankViewController + TableView.swift in Sources */,
				9FF06B9327527C0000890577 /* SceneDelegate.swift in Sources */,
			);
			runOnlyForDeploymentPostprocessing = 0;
		};
/* End PBXSourcesBuildPhase section */

/* Begin PBXVariantGroup section */
		9FF06B9B27527C0100890577 /* LaunchScreen.storyboard */ = {
			isa = PBXVariantGroup;
			children = (
				9FF06B9C27527C0100890577 /* Base */,
			);
			name = LaunchScreen.storyboard;
			sourceTree = "<group>";
		};
/* End PBXVariantGroup section */

/* Begin XCBuildConfiguration section */
		9FF06B9F27527C0100890577 /* Debug */ = {
			isa = XCBuildConfiguration;
			buildSettings = {
				ALWAYS_SEARCH_USER_PATHS = NO;
				CLANG_ANALYZER_NONNULL = YES;
				CLANG_ANALYZER_NUMBER_OBJECT_CONVERSION = YES_AGGRESSIVE;
				CLANG_CXX_LANGUAGE_STANDARD = "gnu++17";
				CLANG_CXX_LIBRARY = "libc++";
				CLANG_ENABLE_MODULES = YES;
				CLANG_ENABLE_OBJC_ARC = YES;
				CLANG_ENABLE_OBJC_WEAK = YES;
				CLANG_WARN_BLOCK_CAPTURE_AUTORELEASING = YES;
				CLANG_WARN_BOOL_CONVERSION = YES;
				CLANG_WARN_COMMA = YES;
				CLANG_WARN_CONSTANT_CONVERSION = YES;
				CLANG_WARN_DEPRECATED_OBJC_IMPLEMENTATIONS = YES;
				CLANG_WARN_DIRECT_OBJC_ISA_USAGE = YES_ERROR;
				CLANG_WARN_DOCUMENTATION_COMMENTS = YES;
				CLANG_WARN_EMPTY_BODY = YES;
				CLANG_WARN_ENUM_CONVERSION = YES;
				CLANG_WARN_INFINITE_RECURSION = YES;
				CLANG_WARN_INT_CONVERSION = YES;
				CLANG_WARN_NON_LITERAL_NULL_CONVERSION = YES;
				CLANG_WARN_OBJC_IMPLICIT_RETAIN_SELF = YES;
				CLANG_WARN_OBJC_LITERAL_CONVERSION = YES;
				CLANG_WARN_OBJC_ROOT_CLASS = YES_ERROR;
				CLANG_WARN_QUOTED_INCLUDE_IN_FRAMEWORK_HEADER = YES;
				CLANG_WARN_RANGE_LOOP_ANALYSIS = YES;
				CLANG_WARN_STRICT_PROTOTYPES = YES;
				CLANG_WARN_SUSPICIOUS_MOVE = YES;
				CLANG_WARN_UNGUARDED_AVAILABILITY = YES_AGGRESSIVE;
				CLANG_WARN_UNREACHABLE_CODE = YES;
				CLANG_WARN__DUPLICATE_METHOD_MATCH = YES;
				COPY_PHASE_STRIP = NO;
				DEBUG_INFORMATION_FORMAT = dwarf;
				ENABLE_STRICT_OBJC_MSGSEND = YES;
				ENABLE_TESTABILITY = YES;
				GCC_C_LANGUAGE_STANDARD = gnu11;
				GCC_DYNAMIC_NO_PIC = NO;
				GCC_NO_COMMON_BLOCKS = YES;
				GCC_OPTIMIZATION_LEVEL = 0;
				GCC_PREPROCESSOR_DEFINITIONS = (
					"DEBUG=1",
					"$(inherited)",
				);
				GCC_WARN_64_TO_32_BIT_CONVERSION = YES;
				GCC_WARN_ABOUT_RETURN_TYPE = YES_ERROR;
				GCC_WARN_UNDECLARED_SELECTOR = YES;
				GCC_WARN_UNINITIALIZED_AUTOS = YES_AGGRESSIVE;
				GCC_WARN_UNUSED_FUNCTION = YES;
				GCC_WARN_UNUSED_VARIABLE = YES;
				IPHONEOS_DEPLOYMENT_TARGET = 15.0;
				MTL_ENABLE_DEBUG_INFO = INCLUDE_SOURCE;
				MTL_FAST_MATH = YES;
				ONLY_ACTIVE_ARCH = YES;
				SDKROOT = iphoneos;
				SWIFT_ACTIVE_COMPILATION_CONDITIONS = DEBUG;
				SWIFT_OPTIMIZATION_LEVEL = "-Onone";
			};
			name = Debug;
		};
		9FF06BA027527C0100890577 /* Release */ = {
			isa = XCBuildConfiguration;
			buildSettings = {
				ALWAYS_SEARCH_USER_PATHS = NO;
				CLANG_ANALYZER_NONNULL = YES;
				CLANG_ANALYZER_NUMBER_OBJECT_CONVERSION = YES_AGGRESSIVE;
				CLANG_CXX_LANGUAGE_STANDARD = "gnu++17";
				CLANG_CXX_LIBRARY = "libc++";
				CLANG_ENABLE_MODULES = YES;
				CLANG_ENABLE_OBJC_ARC = YES;
				CLANG_ENABLE_OBJC_WEAK = YES;
				CLANG_WARN_BLOCK_CAPTURE_AUTORELEASING = YES;
				CLANG_WARN_BOOL_CONVERSION = YES;
				CLANG_WARN_COMMA = YES;
				CLANG_WARN_CONSTANT_CONVERSION = YES;
				CLANG_WARN_DEPRECATED_OBJC_IMPLEMENTATIONS = YES;
				CLANG_WARN_DIRECT_OBJC_ISA_USAGE = YES_ERROR;
				CLANG_WARN_DOCUMENTATION_COMMENTS = YES;
				CLANG_WARN_EMPTY_BODY = YES;
				CLANG_WARN_ENUM_CONVERSION = YES;
				CLANG_WARN_INFINITE_RECURSION = YES;
				CLANG_WARN_INT_CONVERSION = YES;
				CLANG_WARN_NON_LITERAL_NULL_CONVERSION = YES;
				CLANG_WARN_OBJC_IMPLICIT_RETAIN_SELF = YES;
				CLANG_WARN_OBJC_LITERAL_CONVERSION = YES;
				CLANG_WARN_OBJC_ROOT_CLASS = YES_ERROR;
				CLANG_WARN_QUOTED_INCLUDE_IN_FRAMEWORK_HEADER = YES;
				CLANG_WARN_RANGE_LOOP_ANALYSIS = YES;
				CLANG_WARN_STRICT_PROTOTYPES = YES;
				CLANG_WARN_SUSPICIOUS_MOVE = YES;
				CLANG_WARN_UNGUARDED_AVAILABILITY = YES_AGGRESSIVE;
				CLANG_WARN_UNREACHABLE_CODE = YES;
				CLANG_WARN__DUPLICATE_METHOD_MATCH = YES;
				COPY_PHASE_STRIP = NO;
				DEBUG_INFORMATION_FORMAT = "dwarf-with-dsym";
				ENABLE_NS_ASSERTIONS = NO;
				ENABLE_STRICT_OBJC_MSGSEND = YES;
				GCC_C_LANGUAGE_STANDARD = gnu11;
				GCC_NO_COMMON_BLOCKS = YES;
				GCC_WARN_64_TO_32_BIT_CONVERSION = YES;
				GCC_WARN_ABOUT_RETURN_TYPE = YES_ERROR;
				GCC_WARN_UNDECLARED_SELECTOR = YES;
				GCC_WARN_UNINITIALIZED_AUTOS = YES_AGGRESSIVE;
				GCC_WARN_UNUSED_FUNCTION = YES;
				GCC_WARN_UNUSED_VARIABLE = YES;
				IPHONEOS_DEPLOYMENT_TARGET = 15.0;
				MTL_ENABLE_DEBUG_INFO = NO;
				MTL_FAST_MATH = YES;
				SDKROOT = iphoneos;
				SWIFT_COMPILATION_MODE = wholemodule;
				SWIFT_OPTIMIZATION_LEVEL = "-O";
				VALIDATE_PRODUCT = YES;
			};
			name = Release;
		};
		9FF06BA227527C0100890577 /* Debug */ = {
			isa = XCBuildConfiguration;
			baseConfigurationReference = 959F3F11F9B1E65F2480EB3E /* Pods-ThreadGame.debug.xcconfig */;
			buildSettings = {
				ASSETCATALOG_COMPILER_APPICON_NAME = AppIcon;
				ASSETCATALOG_COMPILER_GLOBAL_ACCENT_COLOR_NAME = AccentColor;
				CODE_SIGN_STYLE = Automatic;
				CURRENT_PROJECT_VERSION = 1;
				DEVELOPMENT_TEAM = 8K8VT9C65D;
				GENERATE_INFOPLIST_FILE = YES;
				INFOPLIST_FILE = ThreadGame/Info.plist;
				INFOPLIST_KEY_UIApplicationSupportsIndirectInputEvents = YES;
				INFOPLIST_KEY_UILaunchStoryboardName = LaunchScreen;
				INFOPLIST_KEY_UISupportedInterfaceOrientations_iPad = "UIInterfaceOrientationPortrait UIInterfaceOrientationPortraitUpsideDown UIInterfaceOrientationLandscapeLeft UIInterfaceOrientationLandscapeRight";
				INFOPLIST_KEY_UISupportedInterfaceOrientations_iPhone = "UIInterfaceOrientationPortrait UIInterfaceOrientationLandscapeLeft UIInterfaceOrientationLandscapeRight";
				LD_RUNPATH_SEARCH_PATHS = (
					"$(inherited)",
					"@executable_path/Frameworks",
				);
				MARKETING_VERSION = 1.0;
				PRODUCT_BUNDLE_IDENTIFIER = iOSHaYeonStudy.ThreadGame;
				PRODUCT_NAME = "$(TARGET_NAME)";
				SWIFT_EMIT_LOC_STRINGS = YES;
				SWIFT_VERSION = 5.0;
				TARGETED_DEVICE_FAMILY = "1,2";
			};
			name = Debug;
		};
		9FF06BA327527C0100890577 /* Release */ = {
			isa = XCBuildConfiguration;
			baseConfigurationReference = 437AFCC4796A33BBCB94590A /* Pods-ThreadGame.release.xcconfig */;
			buildSettings = {
				ASSETCATALOG_COMPILER_APPICON_NAME = AppIcon;
				ASSETCATALOG_COMPILER_GLOBAL_ACCENT_COLOR_NAME = AccentColor;
				CODE_SIGN_STYLE = Automatic;
				CURRENT_PROJECT_VERSION = 1;
				DEVELOPMENT_TEAM = 8K8VT9C65D;
				GENERATE_INFOPLIST_FILE = YES;
				INFOPLIST_FILE = ThreadGame/Info.plist;
				INFOPLIST_KEY_UIApplicationSupportsIndirectInputEvents = YES;
				INFOPLIST_KEY_UILaunchStoryboardName = LaunchScreen;
				INFOPLIST_KEY_UISupportedInterfaceOrientations_iPad = "UIInterfaceOrientationPortrait UIInterfaceOrientationPortraitUpsideDown UIInterfaceOrientationLandscapeLeft UIInterfaceOrientationLandscapeRight";
				INFOPLIST_KEY_UISupportedInterfaceOrientations_iPhone = "UIInterfaceOrientationPortrait UIInterfaceOrientationLandscapeLeft UIInterfaceOrientationLandscapeRight";
				LD_RUNPATH_SEARCH_PATHS = (
					"$(inherited)",
					"@executable_path/Frameworks",
				);
				MARKETING_VERSION = 1.0;
				PRODUCT_BUNDLE_IDENTIFIER = iOSHaYeonStudy.ThreadGame;
				PRODUCT_NAME = "$(TARGET_NAME)";
				SWIFT_EMIT_LOC_STRINGS = YES;
				SWIFT_VERSION = 5.0;
				TARGETED_DEVICE_FAMILY = "1,2";
			};
			name = Release;
		};
/* End XCBuildConfiguration section */

/* Begin XCConfigurationList section */
		9FF06B8827527C0000890577 /* Build configuration list for PBXProject "ThreadGame" */ = {
			isa = XCConfigurationList;
			buildConfigurations = (
				9FF06B9F27527C0100890577 /* Debug */,
				9FF06BA027527C0100890577 /* Release */,
			);
			defaultConfigurationIsVisible = 0;
			defaultConfigurationName = Release;
		};
		9FF06BA127527C0100890577 /* Build configuration list for PBXNativeTarget "ThreadGame" */ = {
			isa = XCConfigurationList;
			buildConfigurations = (
				9FF06BA227527C0100890577 /* Debug */,
				9FF06BA327527C0100890577 /* Release */,
			);
			defaultConfigurationIsVisible = 0;
			defaultConfigurationName = Release;
		};
/* End XCConfigurationList section */
	};
	rootObject = 9FF06B8527527C0000890577 /* Project object */;
}
