// !$*UTF8*$!
{
	archiveVersion = 1;
	classes = {
	};
	objectVersion = 55;
	objects = {

/* Begin PBXBuildFile section */
		9F520F22274E891E00EB1824 /* AppDelegate.swift in Sources */ = {isa = PBXBuildFile; fileRef = 9F520F21274E891E00EB1824 /* AppDelegate.swift */; };
		9F520F24274E891E00EB1824 /* SceneDelegate.swift in Sources */ = {isa = PBXBuildFile; fileRef = 9F520F23274E891E00EB1824 /* SceneDelegate.swift */; };
		9F520F2B274E891F00EB1824 /* Assets.xcassets in Resources */ = {isa = PBXBuildFile; fileRef = 9F520F2A274E891F00EB1824 /* Assets.xcassets */; };
		9F520F2E274E891F00EB1824 /* LaunchScreen.storyboard in Resources */ = {isa = PBXBuildFile; fileRef = 9F520F2C274E891F00EB1824 /* LaunchScreen.storyboard */; };
		9F9AC583274FC150000882C9 /* ExhibitionViewController.swift in Sources */ = {isa = PBXBuildFile; fileRef = 9F9AC582274FC150000882C9 /* ExhibitionViewController.swift */; };
		9F9AC586274FC210000882C9 /* SettingViewController.swift in Sources */ = {isa = PBXBuildFile; fileRef = 9F9AC585274FC210000882C9 /* SettingViewController.swift */; };
		9F9AC58A274FD44C000882C9 /* ExhibitionCell.swift in Sources */ = {isa = PBXBuildFile; fileRef = 9F9AC589274FD44C000882C9 /* ExhibitionCell.swift */; };
		9F9AC58C274FED35000882C9 /* ExhibitionCollectionHeaderView.swift in Sources */ = {isa = PBXBuildFile; fileRef = 9F9AC58B274FED35000882C9 /* ExhibitionCollectionHeaderView.swift */; };
		9F9AC58F274FFD47000882C9 /* ExhibitionVC + CollectionView.swift in Sources */ = {isa = PBXBuildFile; fileRef = 9F9AC58E274FFD47000882C9 /* ExhibitionVC + CollectionView.swift */; };
		9F9AC59127503728000882C9 /* APIManager.swift in Sources */ = {isa = PBXBuildFile; fileRef = 9F9AC59027503728000882C9 /* APIManager.swift */; };
		9F9AC59327503BAC000882C9 /* ImgSearchResponseData.swift in Sources */ = {isa = PBXBuildFile; fileRef = 9F9AC59227503BAC000882C9 /* ImgSearchResponseData.swift */; };
		9F9AC59527503BBC000882C9 /* ImgSearchParameter.swift in Sources */ = {isa = PBXBuildFile; fileRef = 9F9AC59427503BBC000882C9 /* ImgSearchParameter.swift */; };
		9F9AC59A2750427B000882C9 /* LodingViewController.swift in Sources */ = {isa = PBXBuildFile; fileRef = 9F9AC5992750427B000882C9 /* LodingViewController.swift */; };
		9F9AC59D27504315000882C9 /* moveToVC.swift in Sources */ = {isa = PBXBuildFile; fileRef = 9F9AC59C27504315000882C9 /* moveToVC.swift */; };
		9F9AC59F27504547000882C9 /* 1873-foto-icon.json in Resources */ = {isa = PBXBuildFile; fileRef = 9F9AC59E27504547000882C9 /* 1873-foto-icon.json */; };
		9FCD0835274F8CCA006A0086 /* TabBarViewController.swift in Sources */ = {isa = PBXBuildFile; fileRef = 9FCD0834274F8CCA006A0086 /* TabBarViewController.swift */; };
		B7E0B99623145F507073DA6F /* Pods_ExhibitionApp.framework in Frameworks */ = {isa = PBXBuildFile; fileRef = C0404EAEEC194103C076CBC4 /* Pods_ExhibitionApp.framework */; };
/* End PBXBuildFile section */

/* Begin PBXFileReference section */
		444F306203BE34C4C66CDDBF /* Pods-ExhibitionApp.debug.xcconfig */ = {isa = PBXFileReference; includeInIndex = 1; lastKnownFileType = text.xcconfig; name = "Pods-ExhibitionApp.debug.xcconfig"; path = "Target Support Files/Pods-ExhibitionApp/Pods-ExhibitionApp.debug.xcconfig"; sourceTree = "<group>"; };
		92865818BBE6BA2DB6B177E8 /* Pods-ExhibitionApp.release.xcconfig */ = {isa = PBXFileReference; includeInIndex = 1; lastKnownFileType = text.xcconfig; name = "Pods-ExhibitionApp.release.xcconfig"; path = "Target Support Files/Pods-ExhibitionApp/Pods-ExhibitionApp.release.xcconfig"; sourceTree = "<group>"; };
		9F520F1E274E891E00EB1824 /* ExhibitionApp.app */ = {isa = PBXFileReference; explicitFileType = wrapper.application; includeInIndex = 0; path = ExhibitionApp.app; sourceTree = BUILT_PRODUCTS_DIR; };
		9F520F21274E891E00EB1824 /* AppDelegate.swift */ = {isa = PBXFileReference; lastKnownFileType = sourcecode.swift; path = AppDelegate.swift; sourceTree = "<group>"; };
		9F520F23274E891E00EB1824 /* SceneDelegate.swift */ = {isa = PBXFileReference; lastKnownFileType = sourcecode.swift; path = SceneDelegate.swift; sourceTree = "<group>"; };
		9F520F2A274E891F00EB1824 /* Assets.xcassets */ = {isa = PBXFileReference; lastKnownFileType = folder.assetcatalog; path = Assets.xcassets; sourceTree = "<group>"; };
		9F520F2D274E891F00EB1824 /* Base */ = {isa = PBXFileReference; lastKnownFileType = file.storyboard; name = Base; path = Base.lproj/LaunchScreen.storyboard; sourceTree = "<group>"; };
		9F520F2F274E892000EB1824 /* Info.plist */ = {isa = PBXFileReference; lastKnownFileType = text.plist.xml; path = Info.plist; sourceTree = "<group>"; };
		9F9AC582274FC150000882C9 /* ExhibitionViewController.swift */ = {isa = PBXFileReference; lastKnownFileType = sourcecode.swift; path = ExhibitionViewController.swift; sourceTree = "<group>"; };
		9F9AC585274FC210000882C9 /* SettingViewController.swift */ = {isa = PBXFileReference; lastKnownFileType = sourcecode.swift; path = SettingViewController.swift; sourceTree = "<group>"; };
		9F9AC589274FD44C000882C9 /* ExhibitionCell.swift */ = {isa = PBXFileReference; lastKnownFileType = sourcecode.swift; path = ExhibitionCell.swift; sourceTree = "<group>"; };
		9F9AC58B274FED35000882C9 /* ExhibitionCollectionHeaderView.swift */ = {isa = PBXFileReference; lastKnownFileType = sourcecode.swift; path = ExhibitionCollectionHeaderView.swift; sourceTree = "<group>"; };
		9F9AC58E274FFD47000882C9 /* ExhibitionVC + CollectionView.swift */ = {isa = PBXFileReference; lastKnownFileType = sourcecode.swift; path = "ExhibitionVC + CollectionView.swift"; sourceTree = "<group>"; };
		9F9AC59027503728000882C9 /* APIManager.swift */ = {isa = PBXFileReference; lastKnownFileType = sourcecode.swift; path = APIManager.swift; sourceTree = "<group>"; };
		9F9AC59227503BAC000882C9 /* ImgSearchResponseData.swift */ = {isa = PBXFileReference; lastKnownFileType = sourcecode.swift; path = ImgSearchResponseData.swift; sourceTree = "<group>"; };
		9F9AC59427503BBC000882C9 /* ImgSearchParameter.swift */ = {isa = PBXFileReference; lastKnownFileType = sourcecode.swift; path = ImgSearchParameter.swift; sourceTree = "<group>"; };
		9F9AC5992750427B000882C9 /* LodingViewController.swift */ = {isa = PBXFileReference; lastKnownFileType = sourcecode.swift; path = LodingViewController.swift; sourceTree = "<group>"; };
		9F9AC59C27504315000882C9 /* moveToVC.swift */ = {isa = PBXFileReference; lastKnownFileType = sourcecode.swift; path = moveToVC.swift; sourceTree = "<group>"; };
		9F9AC59E27504547000882C9 /* 1873-foto-icon.json */ = {isa = PBXFileReference; fileEncoding = 4; lastKnownFileType = text.json; path = "1873-foto-icon.json"; sourceTree = "<group>"; };
		9FCD0834274F8CCA006A0086 /* TabBarViewController.swift */ = {isa = PBXFileReference; lastKnownFileType = sourcecode.swift; path = TabBarViewController.swift; sourceTree = "<group>"; };
		C0404EAEEC194103C076CBC4 /* Pods_ExhibitionApp.framework */ = {isa = PBXFileReference; explicitFileType = wrapper.framework; includeInIndex = 0; path = Pods_ExhibitionApp.framework; sourceTree = BUILT_PRODUCTS_DIR; };
/* End PBXFileReference section */

/* Begin PBXFrameworksBuildPhase section */
		9F520F1B274E891E00EB1824 /* Frameworks */ = {
			isa = PBXFrameworksBuildPhase;
			buildActionMask = 2147483647;
			files = (
				B7E0B99623145F507073DA6F /* Pods_ExhibitionApp.framework in Frameworks */,
			);
			runOnlyForDeploymentPostprocessing = 0;
		};
/* End PBXFrameworksBuildPhase section */

/* Begin PBXGroup section */
		1F74E5FF6F5BA3ABEB117CBE /* Frameworks */ = {
			isa = PBXGroup;
			children = (
				C0404EAEEC194103C076CBC4 /* Pods_ExhibitionApp.framework */,
			);
			name = Frameworks;
			sourceTree = "<group>";
		};
		9F520F15274E891E00EB1824 = {
			isa = PBXGroup;
			children = (
				9F520F20274E891E00EB1824 /* ExhibitionApp */,
				9F520F1F274E891E00EB1824 /* Products */,
				EA95B93E7CA0B0A5D060A0BB /* Pods */,
				1F74E5FF6F5BA3ABEB117CBE /* Frameworks */,
			);
			sourceTree = "<group>";
		};
		9F520F1F274E891E00EB1824 /* Products */ = {
			isa = PBXGroup;
			children = (
				9F520F1E274E891E00EB1824 /* ExhibitionApp.app */,
			);
			name = Products;
			sourceTree = "<group>";
		};
		9F520F20274E891E00EB1824 /* ExhibitionApp */ = {
			isa = PBXGroup;
			children = (
				9F520F2F274E892000EB1824 /* Info.plist */,
				9F9AC57A274FC035000882C9 /* Applications */,
				9F9AC57B274FC052000882C9 /* Resource */,
				9F9AC57C274FC05D000882C9 /* Sources */,
			);
			path = ExhibitionApp;
			sourceTree = "<group>";
		};
		9F9AC579274FBFEC000882C9 /* Network */ = {
			isa = PBXGroup;
			children = (
				9F9AC59027503728000882C9 /* APIManager.swift */,
			);
			path = Network;
			sourceTree = "<group>";
		};
		9F9AC57A274FC035000882C9 /* Applications */ = {
			isa = PBXGroup;
			children = (
				9F520F2C274E891F00EB1824 /* LaunchScreen.storyboard */,
				9F520F21274E891E00EB1824 /* AppDelegate.swift */,
				9F520F23274E891E00EB1824 /* SceneDelegate.swift */,
			);
			path = Applications;
			sourceTree = "<group>";
		};
		9F9AC57B274FC052000882C9 /* Resource */ = {
			isa = PBXGroup;
			children = (
				9F9AC59B275042F8000882C9 /* Protocol */,
				9F9AC59627503C03000882C9 /* JSONFile */,
				9F9AC57F274FC09C000882C9 /* Extensions */,
				9F520F2A274E891F00EB1824 /* Assets.xcassets */,
			);
			path = Resource;
			sourceTree = "<group>";
		};
		9F9AC57C274FC05D000882C9 /* Sources */ = {
			isa = PBXGroup;
			children = (
				9F9AC579274FBFEC000882C9 /* Network */,
				9F9AC580274FC0A9000882C9 /* Models */,
				9F9AC57D274FC069000882C9 /* Scene */,
			);
			path = Sources;
			sourceTree = "<group>";
		};
		9F9AC57D274FC069000882C9 /* Scene */ = {
			isa = PBXGroup;
			children = (
				9F9AC5972750424A000882C9 /* Loding */,
				9F9AC5982750425D000882C9 /* TabBar */,
				9F9AC581274FC0F8000882C9 /* Exhibition */,
				9F9AC584274FC1EC000882C9 /* Setting */,
			);
			path = Scene;
			sourceTree = "<group>";
		};
		9F9AC57F274FC09C000882C9 /* Extensions */ = {
			isa = PBXGroup;
			children = (
			);
			path = Extensions;
			sourceTree = "<group>";
		};
		9F9AC580274FC0A9000882C9 /* Models */ = {
			isa = PBXGroup;
			children = (
				9F9AC59227503BAC000882C9 /* ImgSearchResponseData.swift */,
				9F9AC59427503BBC000882C9 /* ImgSearchParameter.swift */,
			);
			path = Models;
			sourceTree = "<group>";
		};
		9F9AC581274FC0F8000882C9 /* Exhibition */ = {
			isa = PBXGroup;
			children = (
				9F9AC58D274FFD31000882C9 /* Extension */,
				9F9AC587274FD42F000882C9 /* Controllers */,
				9F9AC588274FD436000882C9 /* Cells */,
			);
			path = Exhibition;
			sourceTree = "<group>";
		};
		9F9AC584274FC1EC000882C9 /* Setting */ = {
			isa = PBXGroup;
			children = (
				9F9AC585274FC210000882C9 /* SettingViewController.swift */,
			);
			path = Setting;
			sourceTree = "<group>";
		};
		9F9AC587274FD42F000882C9 /* Controllers */ = {
			isa = PBXGroup;
			children = (
				9F9AC582274FC150000882C9 /* ExhibitionViewController.swift */,
			);
			path = Controllers;
			sourceTree = "<group>";
		};
		9F9AC588274FD436000882C9 /* Cells */ = {
			isa = PBXGroup;
			children = (
				9F9AC589274FD44C000882C9 /* ExhibitionCell.swift */,
				9F9AC58B274FED35000882C9 /* ExhibitionCollectionHeaderView.swift */,
			);
			path = Cells;
			sourceTree = "<group>";
		};
		9F9AC58D274FFD31000882C9 /* Extension */ = {
			isa = PBXGroup;
			children = (
				9F9AC58E274FFD47000882C9 /* ExhibitionVC + CollectionView.swift */,
			);
			path = Extension;
			sourceTree = "<group>";
		};
		9F9AC59627503C03000882C9 /* JSONFile */ = {
			isa = PBXGroup;
			children = (
				9F9AC59E27504547000882C9 /* 1873-foto-icon.json */,
			);
			path = JSONFile;
			sourceTree = "<group>";
		};
		9F9AC5972750424A000882C9 /* Loding */ = {
			isa = PBXGroup;
			children = (
				9F9AC5992750427B000882C9 /* LodingViewController.swift */,
			);
			path = Loding;
			sourceTree = "<group>";
		};
		9F9AC5982750425D000882C9 /* TabBar */ = {
			isa = PBXGroup;
			children = (
				9FCD0834274F8CCA006A0086 /* TabBarViewController.swift */,
			);
			path = TabBar;
			sourceTree = "<group>";
		};
		9F9AC59B275042F8000882C9 /* Protocol */ = {
			isa = PBXGroup;
			children = (
				9F9AC59C27504315000882C9 /* moveToVC.swift */,
			);
			path = Protocol;
			sourceTree = "<group>";
		};
		EA95B93E7CA0B0A5D060A0BB /* Pods */ = {
			isa = PBXGroup;
			children = (
				444F306203BE34C4C66CDDBF /* Pods-ExhibitionApp.debug.xcconfig */,
				92865818BBE6BA2DB6B177E8 /* Pods-ExhibitionApp.release.xcconfig */,
			);
			path = Pods;
			sourceTree = "<group>";
		};
/* End PBXGroup section */

/* Begin PBXNativeTarget section */
		9F520F1D274E891E00EB1824 /* ExhibitionApp */ = {
			isa = PBXNativeTarget;
			buildConfigurationList = 9F520F32274E892000EB1824 /* Build configuration list for PBXNativeTarget "ExhibitionApp" */;
			buildPhases = (
				E0480FA24906B38764F935D1 /* [CP] Check Pods Manifest.lock */,
				9F520F1A274E891E00EB1824 /* Sources */,
				9F520F1B274E891E00EB1824 /* Frameworks */,
				9F520F1C274E891E00EB1824 /* Resources */,
				759EBD39FFEE5B895901D141 /* [CP] Embed Pods Frameworks */,
			);
			buildRules = (
			);
			dependencies = (
			);
			name = ExhibitionApp;
			productName = ExhibitionApp;
			productReference = 9F520F1E274E891E00EB1824 /* ExhibitionApp.app */;
			productType = "com.apple.product-type.application";
		};
/* End PBXNativeTarget section */

/* Begin PBXProject section */
		9F520F16274E891E00EB1824 /* Project object */ = {
			isa = PBXProject;
			attributes = {
				BuildIndependentTargetsInParallel = 1;
				LastSwiftUpdateCheck = 1310;
				LastUpgradeCheck = 1310;
				TargetAttributes = {
					9F520F1D274E891E00EB1824 = {
						CreatedOnToolsVersion = 13.1;
					};
				};
			};
			buildConfigurationList = 9F520F19274E891E00EB1824 /* Build configuration list for PBXProject "ExhibitionApp" */;
			compatibilityVersion = "Xcode 13.0";
			developmentRegion = en;
			hasScannedForEncodings = 0;
			knownRegions = (
				en,
				Base,
			);
			mainGroup = 9F520F15274E891E00EB1824;
			productRefGroup = 9F520F1F274E891E00EB1824 /* Products */;
			projectDirPath = "";
			projectRoot = "";
			targets = (
				9F520F1D274E891E00EB1824 /* ExhibitionApp */,
			);
		};
/* End PBXProject section */

/* Begin PBXResourcesBuildPhase section */
		9F520F1C274E891E00EB1824 /* Resources */ = {
			isa = PBXResourcesBuildPhase;
			buildActionMask = 2147483647;
			files = (
				9F520F2E274E891F00EB1824 /* LaunchScreen.storyboard in Resources */,
				9F520F2B274E891F00EB1824 /* Assets.xcassets in Resources */,
				9F9AC59F27504547000882C9 /* 1873-foto-icon.json in Resources */,
			);
			runOnlyForDeploymentPostprocessing = 0;
		};
/* End PBXResourcesBuildPhase section */

/* Begin PBXShellScriptBuildPhase section */
		759EBD39FFEE5B895901D141 /* [CP] Embed Pods Frameworks */ = {
			isa = PBXShellScriptBuildPhase;
			buildActionMask = 2147483647;
			files = (
			);
			inputFileListPaths = (
				"${PODS_ROOT}/Target Support Files/Pods-ExhibitionApp/Pods-ExhibitionApp-frameworks-${CONFIGURATION}-input-files.xcfilelist",
			);
			name = "[CP] Embed Pods Frameworks";
			outputFileListPaths = (
				"${PODS_ROOT}/Target Support Files/Pods-ExhibitionApp/Pods-ExhibitionApp-frameworks-${CONFIGURATION}-output-files.xcfilelist",
			);
			runOnlyForDeploymentPostprocessing = 0;
			shellPath = /bin/sh;
			shellScript = "\"${PODS_ROOT}/Target Support Files/Pods-ExhibitionApp/Pods-ExhibitionApp-frameworks.sh\"\n";
			showEnvVarsInLog = 0;
		};
		E0480FA24906B38764F935D1 /* [CP] Check Pods Manifest.lock */ = {
			isa = PBXShellScriptBuildPhase;
			buildActionMask = 2147483647;
			files = (
			);
			inputFileListPaths = (
			);
			inputPaths = (
				"${PODS_PODFILE_DIR_PATH}/Podfile.lock",
				"${PODS_ROOT}/Manifest.lock",
			);
			name = "[CP] Check Pods Manifest.lock";
			outputFileListPaths = (
			);
			outputPaths = (
				"$(DERIVED_FILE_DIR)/Pods-ExhibitionApp-checkManifestLockResult.txt",
			);
			runOnlyForDeploymentPostprocessing = 0;
			shellPath = /bin/sh;
			shellScript = "diff \"${PODS_PODFILE_DIR_PATH}/Podfile.lock\" \"${PODS_ROOT}/Manifest.lock\" > /dev/null\nif [ $? != 0 ] ; then\n    # print error to STDERR\n    echo \"error: The sandbox is not in sync with the Podfile.lock. Run 'pod install' or update your CocoaPods installation.\" >&2\n    exit 1\nfi\n# This output is used by Xcode 'outputs' to avoid re-running this script phase.\necho \"SUCCESS\" > \"${SCRIPT_OUTPUT_FILE_0}\"\n";
			showEnvVarsInLog = 0;
		};
/* End PBXShellScriptBuildPhase section */

/* Begin PBXSourcesBuildPhase section */
		9F520F1A274E891E00EB1824 /* Sources */ = {
			isa = PBXSourcesBuildPhase;
			buildActionMask = 2147483647;
			files = (
				9F9AC586274FC210000882C9 /* SettingViewController.swift in Sources */,
				9F9AC59A2750427B000882C9 /* LodingViewController.swift in Sources */,
				9F520F22274E891E00EB1824 /* AppDelegate.swift in Sources */,
				9F9AC58A274FD44C000882C9 /* ExhibitionCell.swift in Sources */,
				9F9AC59127503728000882C9 /* APIManager.swift in Sources */,
				9F9AC59327503BAC000882C9 /* ImgSearchResponseData.swift in Sources */,
				9F9AC58C274FED35000882C9 /* ExhibitionCollectionHeaderView.swift in Sources */,
				9F9AC58F274FFD47000882C9 /* ExhibitionVC + CollectionView.swift in Sources */,
				9F9AC59D27504315000882C9 /* moveToVC.swift in Sources */,
				9F520F24274E891E00EB1824 /* SceneDelegate.swift in Sources */,
				9F9AC59527503BBC000882C9 /* ImgSearchParameter.swift in Sources */,
				9FCD0835274F8CCA006A0086 /* TabBarViewController.swift in Sources */,
				9F9AC583274FC150000882C9 /* ExhibitionViewController.swift in Sources */,
			);
			runOnlyForDeploymentPostprocessing = 0;
		};
/* End PBXSourcesBuildPhase section */

/* Begin PBXVariantGroup section */
		9F520F2C274E891F00EB1824 /* LaunchScreen.storyboard */ = {
			isa = PBXVariantGroup;
			children = (
				9F520F2D274E891F00EB1824 /* Base */,
			);
			name = LaunchScreen.storyboard;
			sourceTree = "<group>";
		};
/* End PBXVariantGroup section */

/* Begin XCBuildConfiguration section */
		9F520F30274E892000EB1824 /* Debug */ = {
			isa = XCBuildConfiguration;
			buildSettings = {
				ALWAYS_SEARCH_USER_PATHS = NO;
				CLANG_ANALYZER_NONNULL = YES;
				CLANG_ANALYZER_NUMBER_OBJECT_CONVERSION = YES_AGGRESSIVE;
				CLANG_CXX_LANGUAGE_STANDARD = "gnu++17";
				CLANG_CXX_LIBRARY = "libc++";
				CLANG_ENABLE_MODULES = YES;
				CLANG_ENABLE_OBJC_ARC = YES;
				CLANG_ENABLE_OBJC_WEAK = YES;
				CLANG_WARN_BLOCK_CAPTURE_AUTORELEASING = YES;
				CLANG_WARN_BOOL_CONVERSION = YES;
				CLANG_WARN_COMMA = YES;
				CLANG_WARN_CONSTANT_CONVERSION = YES;
				CLANG_WARN_DEPRECATED_OBJC_IMPLEMENTATIONS = YES;
				CLANG_WARN_DIRECT_OBJC_ISA_USAGE = YES_ERROR;
				CLANG_WARN_DOCUMENTATION_COMMENTS = YES;
				CLANG_WARN_EMPTY_BODY = YES;
				CLANG_WARN_ENUM_CONVERSION = YES;
				CLANG_WARN_INFINITE_RECURSION = YES;
				CLANG_WARN_INT_CONVERSION = YES;
				CLANG_WARN_NON_LITERAL_NULL_CONVERSION = YES;
				CLANG_WARN_OBJC_IMPLICIT_RETAIN_SELF = YES;
				CLANG_WARN_OBJC_LITERAL_CONVERSION = YES;
				CLANG_WARN_OBJC_ROOT_CLASS = YES_ERROR;
				CLANG_WARN_QUOTED_INCLUDE_IN_FRAMEWORK_HEADER = YES;
				CLANG_WARN_RANGE_LOOP_ANALYSIS = YES;
				CLANG_WARN_STRICT_PROTOTYPES = YES;
				CLANG_WARN_SUSPICIOUS_MOVE = YES;
				CLANG_WARN_UNGUARDED_AVAILABILITY = YES_AGGRESSIVE;
				CLANG_WARN_UNREACHABLE_CODE = YES;
				CLANG_WARN__DUPLICATE_METHOD_MATCH = YES;
				COPY_PHASE_STRIP = NO;
				DEBUG_INFORMATION_FORMAT = dwarf;
				ENABLE_STRICT_OBJC_MSGSEND = YES;
				ENABLE_TESTABILITY = YES;
				GCC_C_LANGUAGE_STANDARD = gnu11;
				GCC_DYNAMIC_NO_PIC = NO;
				GCC_NO_COMMON_BLOCKS = YES;
				GCC_OPTIMIZATION_LEVEL = 0;
				GCC_PREPROCESSOR_DEFINITIONS = (
					"DEBUG=1",
					"$(inherited)",
				);
				GCC_WARN_64_TO_32_BIT_CONVERSION = YES;
				GCC_WARN_ABOUT_RETURN_TYPE = YES_ERROR;
				GCC_WARN_UNDECLARED_SELECTOR = YES;
				GCC_WARN_UNINITIALIZED_AUTOS = YES_AGGRESSIVE;
				GCC_WARN_UNUSED_FUNCTION = YES;
				GCC_WARN_UNUSED_VARIABLE = YES;
				IPHONEOS_DEPLOYMENT_TARGET = 13.0;
				MTL_ENABLE_DEBUG_INFO = INCLUDE_SOURCE;
				MTL_FAST_MATH = YES;
				ONLY_ACTIVE_ARCH = YES;
				SDKROOT = iphoneos;
				SWIFT_ACTIVE_COMPILATION_CONDITIONS = DEBUG;
				SWIFT_OPTIMIZATION_LEVEL = "-Onone";
			};
			name = Debug;
		};
		9F520F31274E892000EB1824 /* Release */ = {
			isa = XCBuildConfiguration;
			buildSettings = {
				ALWAYS_SEARCH_USER_PATHS = NO;
				CLANG_ANALYZER_NONNULL = YES;
				CLANG_ANALYZER_NUMBER_OBJECT_CONVERSION = YES_AGGRESSIVE;
				CLANG_CXX_LANGUAGE_STANDARD = "gnu++17";
				CLANG_CXX_LIBRARY = "libc++";
				CLANG_ENABLE_MODULES = YES;
				CLANG_ENABLE_OBJC_ARC = YES;
				CLANG_ENABLE_OBJC_WEAK = YES;
				CLANG_WARN_BLOCK_CAPTURE_AUTORELEASING = YES;
				CLANG_WARN_BOOL_CONVERSION = YES;
				CLANG_WARN_COMMA = YES;
				CLANG_WARN_CONSTANT_CONVERSION = YES;
				CLANG_WARN_DEPRECATED_OBJC_IMPLEMENTATIONS = YES;
				CLANG_WARN_DIRECT_OBJC_ISA_USAGE = YES_ERROR;
				CLANG_WARN_DOCUMENTATION_COMMENTS = YES;
				CLANG_WARN_EMPTY_BODY = YES;
				CLANG_WARN_ENUM_CONVERSION = YES;
				CLANG_WARN_INFINITE_RECURSION = YES;
				CLANG_WARN_INT_CONVERSION = YES;
				CLANG_WARN_NON_LITERAL_NULL_CONVERSION = YES;
				CLANG_WARN_OBJC_IMPLICIT_RETAIN_SELF = YES;
				CLANG_WARN_OBJC_LITERAL_CONVERSION = YES;
				CLANG_WARN_OBJC_ROOT_CLASS = YES_ERROR;
				CLANG_WARN_QUOTED_INCLUDE_IN_FRAMEWORK_HEADER = YES;
				CLANG_WARN_RANGE_LOOP_ANALYSIS = YES;
				CLANG_WARN_STRICT_PROTOTYPES = YES;
				CLANG_WARN_SUSPICIOUS_MOVE = YES;
				CLANG_WARN_UNGUARDED_AVAILABILITY = YES_AGGRESSIVE;
				CLANG_WARN_UNREACHABLE_CODE = YES;
				CLANG_WARN__DUPLICATE_METHOD_MATCH = YES;
				COPY_PHASE_STRIP = NO;
				DEBUG_INFORMATION_FORMAT = "dwarf-with-dsym";
				ENABLE_NS_ASSERTIONS = NO;
				ENABLE_STRICT_OBJC_MSGSEND = YES;
				GCC_C_LANGUAGE_STANDARD = gnu11;
				GCC_NO_COMMON_BLOCKS = YES;
				GCC_WARN_64_TO_32_BIT_CONVERSION = YES;
				GCC_WARN_ABOUT_RETURN_TYPE = YES_ERROR;
				GCC_WARN_UNDECLARED_SELECTOR = YES;
				GCC_WARN_UNINITIALIZED_AUTOS = YES_AGGRESSIVE;
				GCC_WARN_UNUSED_FUNCTION = YES;
				GCC_WARN_UNUSED_VARIABLE = YES;
				IPHONEOS_DEPLOYMENT_TARGET = 13.0;
				MTL_ENABLE_DEBUG_INFO = NO;
				MTL_FAST_MATH = YES;
				SDKROOT = iphoneos;
				SWIFT_COMPILATION_MODE = wholemodule;
				SWIFT_OPTIMIZATION_LEVEL = "-O";
				VALIDATE_PRODUCT = YES;
			};
			name = Release;
		};
		9F520F33274E892000EB1824 /* Debug */ = {
			isa = XCBuildConfiguration;
			baseConfigurationReference = 444F306203BE34C4C66CDDBF /* Pods-ExhibitionApp.debug.xcconfig */;
			buildSettings = {
				ASSETCATALOG_COMPILER_APPICON_NAME = AppIcon;
				ASSETCATALOG_COMPILER_GLOBAL_ACCENT_COLOR_NAME = AccentColor;
				CODE_SIGN_STYLE = Automatic;
				CURRENT_PROJECT_VERSION = 1;
				DEVELOPMENT_TEAM = 8K8VT9C65D;
				GENERATE_INFOPLIST_FILE = YES;
				INFOPLIST_FILE = ExhibitionApp/Info.plist;
				INFOPLIST_KEY_UIApplicationSupportsIndirectInputEvents = YES;
				INFOPLIST_KEY_UILaunchStoryboardName = LaunchScreen;
				INFOPLIST_KEY_UISupportedInterfaceOrientations_iPad = "UIInterfaceOrientationPortrait UIInterfaceOrientationPortraitUpsideDown UIInterfaceOrientationLandscapeLeft UIInterfaceOrientationLandscapeRight";
				INFOPLIST_KEY_UISupportedInterfaceOrientations_iPhone = "UIInterfaceOrientationPortrait UIInterfaceOrientationLandscapeLeft UIInterfaceOrientationLandscapeRight";
				LD_RUNPATH_SEARCH_PATHS = (
					"$(inherited)",
					"@executable_path/Frameworks",
				);
				MARKETING_VERSION = 1.0;
				PRODUCT_BUNDLE_IDENTIFIER = iOSHaYeonStudy.ExhibitionApp;
				PRODUCT_NAME = "$(TARGET_NAME)";
				SWIFT_EMIT_LOC_STRINGS = YES;
				SWIFT_VERSION = 5.0;
				TARGETED_DEVICE_FAMILY = "1,2";
			};
			name = Debug;
		};
		9F520F34274E892000EB1824 /* Release */ = {
			isa = XCBuildConfiguration;
			baseConfigurationReference = 92865818BBE6BA2DB6B177E8 /* Pods-ExhibitionApp.release.xcconfig */;
			buildSettings = {
				ASSETCATALOG_COMPILER_APPICON_NAME = AppIcon;
				ASSETCATALOG_COMPILER_GLOBAL_ACCENT_COLOR_NAME = AccentColor;
				CODE_SIGN_STYLE = Automatic;
				CURRENT_PROJECT_VERSION = 1;
				DEVELOPMENT_TEAM = 8K8VT9C65D;
				GENERATE_INFOPLIST_FILE = YES;
				INFOPLIST_FILE = ExhibitionApp/Info.plist;
				INFOPLIST_KEY_UIApplicationSupportsIndirectInputEvents = YES;
				INFOPLIST_KEY_UILaunchStoryboardName = LaunchScreen;
				INFOPLIST_KEY_UISupportedInterfaceOrientations_iPad = "UIInterfaceOrientationPortrait UIInterfaceOrientationPortraitUpsideDown UIInterfaceOrientationLandscapeLeft UIInterfaceOrientationLandscapeRight";
				INFOPLIST_KEY_UISupportedInterfaceOrientations_iPhone = "UIInterfaceOrientationPortrait UIInterfaceOrientationLandscapeLeft UIInterfaceOrientationLandscapeRight";
				LD_RUNPATH_SEARCH_PATHS = (
					"$(inherited)",
					"@executable_path/Frameworks",
				);
				MARKETING_VERSION = 1.0;
				PRODUCT_BUNDLE_IDENTIFIER = iOSHaYeonStudy.ExhibitionApp;
				PRODUCT_NAME = "$(TARGET_NAME)";
				SWIFT_EMIT_LOC_STRINGS = YES;
				SWIFT_VERSION = 5.0;
				TARGETED_DEVICE_FAMILY = "1,2";
			};
			name = Release;
		};
/* End XCBuildConfiguration section */

/* Begin XCConfigurationList section */
		9F520F19274E891E00EB1824 /* Build configuration list for PBXProject "ExhibitionApp" */ = {
			isa = XCConfigurationList;
			buildConfigurations = (
				9F520F30274E892000EB1824 /* Debug */,
				9F520F31274E892000EB1824 /* Release */,
			);
			defaultConfigurationIsVisible = 0;
			defaultConfigurationName = Release;
		};
		9F520F32274E892000EB1824 /* Build configuration list for PBXNativeTarget "ExhibitionApp" */ = {
			isa = XCConfigurationList;
			buildConfigurations = (
				9F520F33274E892000EB1824 /* Debug */,
				9F520F34274E892000EB1824 /* Release */,
			);
			defaultConfigurationIsVisible = 0;
			defaultConfigurationName = Release;
		};
/* End XCConfigurationList section */
	};
	rootObject = 9F520F16274E891E00EB1824 /* Project object */;
}
