// !$*UTF8*$!
{
	archiveVersion = 1;
	classes = {
	};
	objectVersion = 55;
	objects = {

/* Begin PBXBuildFile section */
		9F7967FC27789F5900AD595A /* CoronaResponse.swift in Sources */ = {isa = PBXBuildFile; fileRef = 9F7967FB27789F5900AD595A /* CoronaResponse.swift */; };
		9F7968002778E58F00AD595A /* CoronaAPIManager.swift in Sources */ = {isa = PBXBuildFile; fileRef = 9F7967FF2778E58F00AD595A /* CoronaAPIManager.swift */; };
		9F7968022779C92E00AD595A /* CoronaViewController.swift in Sources */ = {isa = PBXBuildFile; fileRef = 9F7968012779C92E00AD595A /* CoronaViewController.swift */; };
		9F796804277B0BD900AD595A /* MeetPlaceSearch.storyboard in Resources */ = {isa = PBXBuildFile; fileRef = 9F796803277B0BD900AD595A /* MeetPlaceSearch.storyboard */; };
		9F796806277B0C1300AD595A /* MeetSearchViewController.swift in Sources */ = {isa = PBXBuildFile; fileRef = 9F796805277B0C1300AD595A /* MeetSearchViewController.swift */; };
		9F796808277B0C6200AD595A /* Login.storyboard in Resources */ = {isa = PBXBuildFile; fileRef = 9F796807277B0C6200AD595A /* Login.storyboard */; };
		9F79680A277B0C7700AD595A /* LoginViewController.swift in Sources */ = {isa = PBXBuildFile; fileRef = 9F796809277B0C7700AD595A /* LoginViewController.swift */; };
		9F79680C277B11C100AD595A /* MyPageViewController.swift in Sources */ = {isa = PBXBuildFile; fileRef = 9F79680B277B11C100AD595A /* MyPageViewController.swift */; };
		9F79680E277B11D000AD595A /* MyPage.storyboard in Resources */ = {isa = PBXBuildFile; fileRef = 9F79680D277B11D000AD595A /* MyPage.storyboard */; };
		9F796810277B189F00AD595A /* KakaoAPIManager.swift in Sources */ = {isa = PBXBuildFile; fileRef = 9F79680F277B189F00AD595A /* KakaoAPIManager.swift */; };
		9F796812277B1A2000AD595A /* SubwayResponse.swift in Sources */ = {isa = PBXBuildFile; fileRef = 9F796811277B1A2000AD595A /* SubwayResponse.swift */; };
		9F796816277B1BF500AD595A /* SubwayRequest.swift in Sources */ = {isa = PBXBuildFile; fileRef = 9F796815277B1BF500AD595A /* SubwayRequest.swift */; };
		9F796818277B234300AD595A /* CategoryResponse.swift in Sources */ = {isa = PBXBuildFile; fileRef = 9F796817277B234300AD595A /* CategoryResponse.swift */; };
		9F79681A2780330A00AD595A /* MapViewController.swift in Sources */ = {isa = PBXBuildFile; fileRef = 9F7968192780330A00AD595A /* MapViewController.swift */; };
		9F79681C2780D94F00AD595A /* ModalViewController.swift in Sources */ = {isa = PBXBuildFile; fileRef = 9F79681B2780D94F00AD595A /* ModalViewController.swift */; };
		9F79681E27819C9D00AD595A /* Weather.storyboard in Resources */ = {isa = PBXBuildFile; fileRef = 9F79681D27819C9D00AD595A /* Weather.storyboard */; };
		9F7968202781C44200AD595A /* WeatherViewController.swift in Sources */ = {isa = PBXBuildFile; fileRef = 9F79681F2781C44200AD595A /* WeatherViewController.swift */; };
		9F7968222781C76D00AD595A /* WeatherResponse.swift in Sources */ = {isa = PBXBuildFile; fileRef = 9F7968212781C76D00AD595A /* WeatherResponse.swift */; };
		9F7968242781C7A000AD595A /* WeatherService.swift in Sources */ = {isa = PBXBuildFile; fileRef = 9F7968232781C7A000AD595A /* WeatherService.swift */; };
		9F7D8C98276E281500FCE4A5 /* AppDelegate.swift in Sources */ = {isa = PBXBuildFile; fileRef = 9F7D8C97276E281500FCE4A5 /* AppDelegate.swift */; };
		9F7D8C9A276E281500FCE4A5 /* SceneDelegate.swift in Sources */ = {isa = PBXBuildFile; fileRef = 9F7D8C99276E281500FCE4A5 /* SceneDelegate.swift */; };
		9F7D8C9F276E281500FCE4A5 /* Corona.storyboard in Resources */ = {isa = PBXBuildFile; fileRef = 9F7D8C9D276E281500FCE4A5 /* Corona.storyboard */; };
		9F7D8CA1276E281700FCE4A5 /* Assets.xcassets in Resources */ = {isa = PBXBuildFile; fileRef = 9F7D8CA0276E281700FCE4A5 /* Assets.xcassets */; };
		9F7D8CA4276E281700FCE4A5 /* LaunchScreen.storyboard in Resources */ = {isa = PBXBuildFile; fileRef = 9F7D8CA2276E281700FCE4A5 /* LaunchScreen.storyboard */; };
		CEB5332CBA7AEAB07BD05D71 /* Pods_APITest.framework in Frameworks */ = {isa = PBXBuildFile; fileRef = BC8FC784A555B58842C70DB0 /* Pods_APITest.framework */; };
/* End PBXBuildFile section */

/* Begin PBXFileReference section */
		27C8DC7E28E23FD41D2548E7 /* Pods-APITest.debug.xcconfig */ = {isa = PBXFileReference; includeInIndex = 1; lastKnownFileType = text.xcconfig; name = "Pods-APITest.debug.xcconfig"; path = "Target Support Files/Pods-APITest/Pods-APITest.debug.xcconfig"; sourceTree = "<group>"; };
		9F7967FB27789F5900AD595A /* CoronaResponse.swift */ = {isa = PBXFileReference; lastKnownFileType = sourcecode.swift; path = CoronaResponse.swift; sourceTree = "<group>"; };
		9F7967FF2778E58F00AD595A /* CoronaAPIManager.swift */ = {isa = PBXFileReference; lastKnownFileType = sourcecode.swift; path = CoronaAPIManager.swift; sourceTree = "<group>"; };
		9F7968012779C92E00AD595A /* CoronaViewController.swift */ = {isa = PBXFileReference; lastKnownFileType = sourcecode.swift; path = CoronaViewController.swift; sourceTree = "<group>"; };
		9F796803277B0BD900AD595A /* MeetPlaceSearch.storyboard */ = {isa = PBXFileReference; lastKnownFileType = file.storyboard; path = MeetPlaceSearch.storyboard; sourceTree = "<group>"; };
		9F796805277B0C1300AD595A /* MeetSearchViewController.swift */ = {isa = PBXFileReference; lastKnownFileType = sourcecode.swift; path = MeetSearchViewController.swift; sourceTree = "<group>"; };
		9F796807277B0C6200AD595A /* Login.storyboard */ = {isa = PBXFileReference; lastKnownFileType = file.storyboard; path = Login.storyboard; sourceTree = "<group>"; };
		9F796809277B0C7700AD595A /* LoginViewController.swift */ = {isa = PBXFileReference; lastKnownFileType = sourcecode.swift; path = LoginViewController.swift; sourceTree = "<group>"; };
		9F79680B277B11C100AD595A /* MyPageViewController.swift */ = {isa = PBXFileReference; lastKnownFileType = sourcecode.swift; path = MyPageViewController.swift; sourceTree = "<group>"; };
		9F79680D277B11D000AD595A /* MyPage.storyboard */ = {isa = PBXFileReference; lastKnownFileType = file.storyboard; path = MyPage.storyboard; sourceTree = "<group>"; };
		9F79680F277B189F00AD595A /* KakaoAPIManager.swift */ = {isa = PBXFileReference; lastKnownFileType = sourcecode.swift; path = KakaoAPIManager.swift; sourceTree = "<group>"; };
		9F796811277B1A2000AD595A /* SubwayResponse.swift */ = {isa = PBXFileReference; lastKnownFileType = sourcecode.swift; path = SubwayResponse.swift; sourceTree = "<group>"; };
		9F796815277B1BF500AD595A /* SubwayRequest.swift */ = {isa = PBXFileReference; lastKnownFileType = sourcecode.swift; path = SubwayRequest.swift; sourceTree = "<group>"; };
		9F796817277B234300AD595A /* CategoryResponse.swift */ = {isa = PBXFileReference; lastKnownFileType = sourcecode.swift; path = CategoryResponse.swift; sourceTree = "<group>"; };
		9F7968192780330A00AD595A /* MapViewController.swift */ = {isa = PBXFileReference; lastKnownFileType = sourcecode.swift; path = MapViewController.swift; sourceTree = "<group>"; };
		9F79681B2780D94F00AD595A /* ModalViewController.swift */ = {isa = PBXFileReference; lastKnownFileType = sourcecode.swift; path = ModalViewController.swift; sourceTree = "<group>"; };
		9F79681D27819C9D00AD595A /* Weather.storyboard */ = {isa = PBXFileReference; lastKnownFileType = file.storyboard; path = Weather.storyboard; sourceTree = "<group>"; };
		9F79681F2781C44200AD595A /* WeatherViewController.swift */ = {isa = PBXFileReference; lastKnownFileType = sourcecode.swift; path = WeatherViewController.swift; sourceTree = "<group>"; };
		9F7968212781C76D00AD595A /* WeatherResponse.swift */ = {isa = PBXFileReference; lastKnownFileType = sourcecode.swift; path = WeatherResponse.swift; sourceTree = "<group>"; };
		9F7968232781C7A000AD595A /* WeatherService.swift */ = {isa = PBXFileReference; lastKnownFileType = sourcecode.swift; path = WeatherService.swift; sourceTree = "<group>"; };
		9F7D8C94276E281500FCE4A5 /* APITest.app */ = {isa = PBXFileReference; explicitFileType = wrapper.application; includeInIndex = 0; path = APITest.app; sourceTree = BUILT_PRODUCTS_DIR; };
		9F7D8C97276E281500FCE4A5 /* AppDelegate.swift */ = {isa = PBXFileReference; lastKnownFileType = sourcecode.swift; path = AppDelegate.swift; sourceTree = "<group>"; };
		9F7D8C99276E281500FCE4A5 /* SceneDelegate.swift */ = {isa = PBXFileReference; lastKnownFileType = sourcecode.swift; path = SceneDelegate.swift; sourceTree = "<group>"; };
		9F7D8C9E276E281500FCE4A5 /* Base */ = {isa = PBXFileReference; lastKnownFileType = file.storyboard; name = Base; path = Base.lproj/Corona.storyboard; sourceTree = "<group>"; };
		9F7D8CA0276E281700FCE4A5 /* Assets.xcassets */ = {isa = PBXFileReference; lastKnownFileType = folder.assetcatalog; path = Assets.xcassets; sourceTree = "<group>"; };
		9F7D8CA3276E281700FCE4A5 /* Base */ = {isa = PBXFileReference; lastKnownFileType = file.storyboard; name = Base; path = Base.lproj/LaunchScreen.storyboard; sourceTree = "<group>"; };
		9F7D8CA5276E281700FCE4A5 /* Info.plist */ = {isa = PBXFileReference; lastKnownFileType = text.plist.xml; path = Info.plist; sourceTree = "<group>"; };
		BC8FC784A555B58842C70DB0 /* Pods_APITest.framework */ = {isa = PBXFileReference; explicitFileType = wrapper.framework; includeInIndex = 0; path = Pods_APITest.framework; sourceTree = BUILT_PRODUCTS_DIR; };
		E4AF6CF83FB16E70EDAA687B /* Pods-APITest.release.xcconfig */ = {isa = PBXFileReference; includeInIndex = 1; lastKnownFileType = text.xcconfig; name = "Pods-APITest.release.xcconfig"; path = "Target Support Files/Pods-APITest/Pods-APITest.release.xcconfig"; sourceTree = "<group>"; };
/* End PBXFileReference section */

/* Begin PBXFrameworksBuildPhase section */
		9F7D8C91276E281500FCE4A5 /* Frameworks */ = {
			isa = PBXFrameworksBuildPhase;
			buildActionMask = 2147483647;
			files = (
				CEB5332CBA7AEAB07BD05D71 /* Pods_APITest.framework in Frameworks */,
			);
			runOnlyForDeploymentPostprocessing = 0;
		};
/* End PBXFrameworksBuildPhase section */

/* Begin PBXGroup section */
		0460C0B3EED815FDBEADD713 /* Frameworks */ = {
			isa = PBXGroup;
			children = (
				BC8FC784A555B58842C70DB0 /* Pods_APITest.framework */,
			);
			name = Frameworks;
			sourceTree = "<group>";
		};
		9F7967F527789E3400AD595A /* Applications */ = {
			isa = PBXGroup;
			children = (
				9F7D8CA2276E281700FCE4A5 /* LaunchScreen.storyboard */,
				9F7D8C97276E281500FCE4A5 /* AppDelegate.swift */,
				9F7D8C99276E281500FCE4A5 /* SceneDelegate.swift */,
			);
			path = Applications;
			sourceTree = "<group>";
		};
		9F7967F627789E4000AD595A /* Resource */ = {
			isa = PBXGroup;
			children = (
				9F7D8CA0276E281700FCE4A5 /* Assets.xcassets */,
			);
			path = Resource;
			sourceTree = "<group>";
		};
		9F7967F727789F0600AD595A /* Sources */ = {
			isa = PBXGroup;
			children = (
				9F7967FA27789F3200AD595A /* Models */,
				9F7967F927789F2B00AD595A /* Controllers */,
				9F7967F827789F2100AD595A /* Views */,
			);
			path = Sources;
			sourceTree = "<group>";
		};
		9F7967F827789F2100AD595A /* Views */ = {
			isa = PBXGroup;
			children = (
				9F796807277B0C6200AD595A /* Login.storyboard */,
				9F796803277B0BD900AD595A /* MeetPlaceSearch.storyboard */,
				9F79680D277B11D000AD595A /* MyPage.storyboard */,
				9F7D8C9D276E281500FCE4A5 /* Corona.storyboard */,
				9F79681D27819C9D00AD595A /* Weather.storyboard */,
			);
			path = Views;
			sourceTree = "<group>";
		};
		9F7967F927789F2B00AD595A /* Controllers */ = {
			isa = PBXGroup;
			children = (
				9F796809277B0C7700AD595A /* LoginViewController.swift */,
				9F796805277B0C1300AD595A /* MeetSearchViewController.swift */,
				9F7968192780330A00AD595A /* MapViewController.swift */,
				9F7968012779C92E00AD595A /* CoronaViewController.swift */,
				9F79680B277B11C100AD595A /* MyPageViewController.swift */,
				9F79681B2780D94F00AD595A /* ModalViewController.swift */,
				9F79681F2781C44200AD595A /* WeatherViewController.swift */,
			);
			path = Controllers;
			sourceTree = "<group>";
		};
		9F7967FA27789F3200AD595A /* Models */ = {
			isa = PBXGroup;
			children = (
				9F796814277B1BD900AD595A /* Request */,
				9F796813277B1BCF00AD595A /* Response */,
			);
			path = Models;
			sourceTree = "<group>";
		};
		9F7967FD2778E53E00AD595A /* Network */ = {
			isa = PBXGroup;
			children = (
				9F7967FE2778E55100AD595A /* API */,
			);
			path = Network;
			sourceTree = "<group>";
		};
		9F7967FE2778E55100AD595A /* API */ = {
			isa = PBXGroup;
			children = (
				9F7967FF2778E58F00AD595A /* CoronaAPIManager.swift */,
				9F79680F277B189F00AD595A /* KakaoAPIManager.swift */,
				9F7968232781C7A000AD595A /* WeatherService.swift */,
			);
			path = API;
			sourceTree = "<group>";
		};
		9F796813277B1BCF00AD595A /* Response */ = {
			isa = PBXGroup;
			children = (
				9F7967FB27789F5900AD595A /* CoronaResponse.swift */,
				9F796811277B1A2000AD595A /* SubwayResponse.swift */,
				9F796817277B234300AD595A /* CategoryResponse.swift */,
				9F7968212781C76D00AD595A /* WeatherResponse.swift */,
			);
			path = Response;
			sourceTree = "<group>";
		};
		9F796814277B1BD900AD595A /* Request */ = {
			isa = PBXGroup;
			children = (
				9F796815277B1BF500AD595A /* SubwayRequest.swift */,
			);
			path = Request;
			sourceTree = "<group>";
		};
		9F7D8C8B276E281500FCE4A5 = {
			isa = PBXGroup;
			children = (
				9F7D8C96276E281500FCE4A5 /* APITest */,
				9F7D8C95276E281500FCE4A5 /* Products */,
				A4F7CA2F3FB527C20F15A5E5 /* Pods */,
				0460C0B3EED815FDBEADD713 /* Frameworks */,
			);
			sourceTree = "<group>";
		};
		9F7D8C95276E281500FCE4A5 /* Products */ = {
			isa = PBXGroup;
			children = (
				9F7D8C94276E281500FCE4A5 /* APITest.app */,
			);
			name = Products;
			sourceTree = "<group>";
		};
		9F7D8C96276E281500FCE4A5 /* APITest */ = {
			isa = PBXGroup;
			children = (
				9F7967FD2778E53E00AD595A /* Network */,
				9F7967F527789E3400AD595A /* Applications */,
				9F7967F627789E4000AD595A /* Resource */,
				9F7967F727789F0600AD595A /* Sources */,
				9F7D8CA5276E281700FCE4A5 /* Info.plist */,
			);
			path = APITest;
			sourceTree = "<group>";
		};
		A4F7CA2F3FB527C20F15A5E5 /* Pods */ = {
			isa = PBXGroup;
			children = (
				27C8DC7E28E23FD41D2548E7 /* Pods-APITest.debug.xcconfig */,
				E4AF6CF83FB16E70EDAA687B /* Pods-APITest.release.xcconfig */,
			);
			path = Pods;
			sourceTree = "<group>";
		};
/* End PBXGroup section */

/* Begin PBXNativeTarget section */
		9F7D8C93276E281500FCE4A5 /* APITest */ = {
			isa = PBXNativeTarget;
			buildConfigurationList = 9F7D8CA8276E281700FCE4A5 /* Build configuration list for PBXNativeTarget "APITest" */;
			buildPhases = (
				F826B34EF888C5114F87387F /* [CP] Check Pods Manifest.lock */,
				9F7D8C90276E281500FCE4A5 /* Sources */,
				9F7D8C91276E281500FCE4A5 /* Frameworks */,
				9F7D8C92276E281500FCE4A5 /* Resources */,
				7E9C5360FB0503DFABFC5EFE /* [CP] Embed Pods Frameworks */,
			);
			buildRules = (
			);
			dependencies = (
			);
			name = APITest;
			productName = APITest;
			productReference = 9F7D8C94276E281500FCE4A5 /* APITest.app */;
			productType = "com.apple.product-type.application";
		};
/* End PBXNativeTarget section */

/* Begin PBXProject section */
		9F7D8C8C276E281500FCE4A5 /* Project object */ = {
			isa = PBXProject;
			attributes = {
				BuildIndependentTargetsInParallel = 1;
				LastSwiftUpdateCheck = 1310;
				LastUpgradeCheck = 1310;
				TargetAttributes = {
					9F7D8C93276E281500FCE4A5 = {
						CreatedOnToolsVersion = 13.1;
					};
				};
			};
			buildConfigurationList = 9F7D8C8F276E281500FCE4A5 /* Build configuration list for PBXProject "APITest" */;
			compatibilityVersion = "Xcode 13.0";
			developmentRegion = en;
			hasScannedForEncodings = 0;
			knownRegions = (
				en,
				Base,
			);
			mainGroup = 9F7D8C8B276E281500FCE4A5;
			productRefGroup = 9F7D8C95276E281500FCE4A5 /* Products */;
			projectDirPath = "";
			projectRoot = "";
			targets = (
				9F7D8C93276E281500FCE4A5 /* APITest */,
			);
		};
/* End PBXProject section */

/* Begin PBXResourcesBuildPhase section */
		9F7D8C92276E281500FCE4A5 /* Resources */ = {
			isa = PBXResourcesBuildPhase;
			buildActionMask = 2147483647;
			files = (
				9F79681E27819C9D00AD595A /* Weather.storyboard in Resources */,
				9F7D8CA4276E281700FCE4A5 /* LaunchScreen.storyboard in Resources */,
				9F79680E277B11D000AD595A /* MyPage.storyboard in Resources */,
				9F7D8CA1276E281700FCE4A5 /* Assets.xcassets in Resources */,
				9F7D8C9F276E281500FCE4A5 /* Corona.storyboard in Resources */,
				9F796808277B0C6200AD595A /* Login.storyboard in Resources */,
				9F796804277B0BD900AD595A /* MeetPlaceSearch.storyboard in Resources */,
			);
			runOnlyForDeploymentPostprocessing = 0;
		};
/* End PBXResourcesBuildPhase section */

/* Begin PBXShellScriptBuildPhase section */
		7E9C5360FB0503DFABFC5EFE /* [CP] Embed Pods Frameworks */ = {
			isa = PBXShellScriptBuildPhase;
			buildActionMask = 2147483647;
			files = (
			);
			inputFileListPaths = (
				"${PODS_ROOT}/Target Support Files/Pods-APITest/Pods-APITest-frameworks-${CONFIGURATION}-input-files.xcfilelist",
			);
			name = "[CP] Embed Pods Frameworks";
			outputFileListPaths = (
				"${PODS_ROOT}/Target Support Files/Pods-APITest/Pods-APITest-frameworks-${CONFIGURATION}-output-files.xcfilelist",
			);
			runOnlyForDeploymentPostprocessing = 0;
			shellPath = /bin/sh;
			shellScript = "\"${PODS_ROOT}/Target Support Files/Pods-APITest/Pods-APITest-frameworks.sh\"\n";
			showEnvVarsInLog = 0;
		};
		F826B34EF888C5114F87387F /* [CP] Check Pods Manifest.lock */ = {
			isa = PBXShellScriptBuildPhase;
			buildActionMask = 2147483647;
			files = (
			);
			inputFileListPaths = (
			);
			inputPaths = (
				"${PODS_PODFILE_DIR_PATH}/Podfile.lock",
				"${PODS_ROOT}/Manifest.lock",
			);
			name = "[CP] Check Pods Manifest.lock";
			outputFileListPaths = (
			);
			outputPaths = (
				"$(DERIVED_FILE_DIR)/Pods-APITest-checkManifestLockResult.txt",
			);
			runOnlyForDeploymentPostprocessing = 0;
			shellPath = /bin/sh;
			shellScript = "diff \"${PODS_PODFILE_DIR_PATH}/Podfile.lock\" \"${PODS_ROOT}/Manifest.lock\" > /dev/null\nif [ $? != 0 ] ; then\n    # print error to STDERR\n    echo \"error: The sandbox is not in sync with the Podfile.lock. Run 'pod install' or update your CocoaPods installation.\" >&2\n    exit 1\nfi\n# This output is used by Xcode 'outputs' to avoid re-running this script phase.\necho \"SUCCESS\" > \"${SCRIPT_OUTPUT_FILE_0}\"\n";
			showEnvVarsInLog = 0;
		};
/* End PBXShellScriptBuildPhase section */

/* Begin PBXSourcesBuildPhase section */
		9F7D8C90276E281500FCE4A5 /* Sources */ = {
			isa = PBXSourcesBuildPhase;
			buildActionMask = 2147483647;
			files = (
				9F79680A277B0C7700AD595A /* LoginViewController.swift in Sources */,
				9F7968202781C44200AD595A /* WeatherViewController.swift in Sources */,
				9F7968022779C92E00AD595A /* CoronaViewController.swift in Sources */,
				9F796818277B234300AD595A /* CategoryResponse.swift in Sources */,
				9F796806277B0C1300AD595A /* MeetSearchViewController.swift in Sources */,
				9F7968002778E58F00AD595A /* CoronaAPIManager.swift in Sources */,
				9F7967FC27789F5900AD595A /* CoronaResponse.swift in Sources */,
				9F79681C2780D94F00AD595A /* ModalViewController.swift in Sources */,
				9F79681A2780330A00AD595A /* MapViewController.swift in Sources */,
				9F796810277B189F00AD595A /* KakaoAPIManager.swift in Sources */,
				9F796816277B1BF500AD595A /* SubwayRequest.swift in Sources */,
				9F7D8C98276E281500FCE4A5 /* AppDelegate.swift in Sources */,
				9F796812277B1A2000AD595A /* SubwayResponse.swift in Sources */,
				9F7D8C9A276E281500FCE4A5 /* SceneDelegate.swift in Sources */,
				9F7968242781C7A000AD595A /* WeatherService.swift in Sources */,
				9F79680C277B11C100AD595A /* MyPageViewController.swift in Sources */,
				9F7968222781C76D00AD595A /* WeatherResponse.swift in Sources */,
			);
			runOnlyForDeploymentPostprocessing = 0;
		};
/* End PBXSourcesBuildPhase section */

/* Begin PBXVariantGroup section */
		9F7D8C9D276E281500FCE4A5 /* Corona.storyboard */ = {
			isa = PBXVariantGroup;
			children = (
				9F7D8C9E276E281500FCE4A5 /* Base */,
			);
			name = Corona.storyboard;
			sourceTree = "<group>";
		};
		9F7D8CA2276E281700FCE4A5 /* LaunchScreen.storyboard */ = {
			isa = PBXVariantGroup;
			children = (
				9F7D8CA3276E281700FCE4A5 /* Base */,
			);
			name = LaunchScreen.storyboard;
			sourceTree = "<group>";
		};
/* End PBXVariantGroup section */

/* Begin XCBuildConfiguration section */
		9F7D8CA6276E281700FCE4A5 /* Debug */ = {
			isa = XCBuildConfiguration;
			buildSettings = {
				ALWAYS_SEARCH_USER_PATHS = NO;
				CLANG_ANALYZER_NONNULL = YES;
				CLANG_ANALYZER_NUMBER_OBJECT_CONVERSION = YES_AGGRESSIVE;
				CLANG_CXX_LANGUAGE_STANDARD = "gnu++17";
				CLANG_CXX_LIBRARY = "libc++";
				CLANG_ENABLE_MODULES = YES;
				CLANG_ENABLE_OBJC_ARC = YES;
				CLANG_ENABLE_OBJC_WEAK = YES;
				CLANG_WARN_BLOCK_CAPTURE_AUTORELEASING = YES;
				CLANG_WARN_BOOL_CONVERSION = YES;
				CLANG_WARN_COMMA = YES;
				CLANG_WARN_CONSTANT_CONVERSION = YES;
				CLANG_WARN_DEPRECATED_OBJC_IMPLEMENTATIONS = YES;
				CLANG_WARN_DIRECT_OBJC_ISA_USAGE = YES_ERROR;
				CLANG_WARN_DOCUMENTATION_COMMENTS = YES;
				CLANG_WARN_EMPTY_BODY = YES;
				CLANG_WARN_ENUM_CONVERSION = YES;
				CLANG_WARN_INFINITE_RECURSION = YES;
				CLANG_WARN_INT_CONVERSION = YES;
				CLANG_WARN_NON_LITERAL_NULL_CONVERSION = YES;
				CLANG_WARN_OBJC_IMPLICIT_RETAIN_SELF = YES;
				CLANG_WARN_OBJC_LITERAL_CONVERSION = YES;
				CLANG_WARN_OBJC_ROOT_CLASS = YES_ERROR;
				CLANG_WARN_QUOTED_INCLUDE_IN_FRAMEWORK_HEADER = YES;
				CLANG_WARN_RANGE_LOOP_ANALYSIS = YES;
				CLANG_WARN_STRICT_PROTOTYPES = YES;
				CLANG_WARN_SUSPICIOUS_MOVE = YES;
				CLANG_WARN_UNGUARDED_AVAILABILITY = YES_AGGRESSIVE;
				CLANG_WARN_UNREACHABLE_CODE = YES;
				CLANG_WARN__DUPLICATE_METHOD_MATCH = YES;
				COPY_PHASE_STRIP = NO;
				DEBUG_INFORMATION_FORMAT = dwarf;
				ENABLE_STRICT_OBJC_MSGSEND = YES;
				ENABLE_TESTABILITY = YES;
				GCC_C_LANGUAGE_STANDARD = gnu11;
				GCC_DYNAMIC_NO_PIC = NO;
				GCC_NO_COMMON_BLOCKS = YES;
				GCC_OPTIMIZATION_LEVEL = 0;
				GCC_PREPROCESSOR_DEFINITIONS = (
					"DEBUG=1",
					"$(inherited)",
				);
				GCC_WARN_64_TO_32_BIT_CONVERSION = YES;
				GCC_WARN_ABOUT_RETURN_TYPE = YES_ERROR;
				GCC_WARN_UNDECLARED_SELECTOR = YES;
				GCC_WARN_UNINITIALIZED_AUTOS = YES_AGGRESSIVE;
				GCC_WARN_UNUSED_FUNCTION = YES;
				GCC_WARN_UNUSED_VARIABLE = YES;
				IPHONEOS_DEPLOYMENT_TARGET = 15.0;
				MTL_ENABLE_DEBUG_INFO = INCLUDE_SOURCE;
				MTL_FAST_MATH = YES;
				ONLY_ACTIVE_ARCH = YES;
				SDKROOT = iphoneos;
				SWIFT_ACTIVE_COMPILATION_CONDITIONS = DEBUG;
				SWIFT_OPTIMIZATION_LEVEL = "-Onone";
			};
			name = Debug;
		};
		9F7D8CA7276E281700FCE4A5 /* Release */ = {
			isa = XCBuildConfiguration;
			buildSettings = {
				ALWAYS_SEARCH_USER_PATHS = NO;
				CLANG_ANALYZER_NONNULL = YES;
				CLANG_ANALYZER_NUMBER_OBJECT_CONVERSION = YES_AGGRESSIVE;
				CLANG_CXX_LANGUAGE_STANDARD = "gnu++17";
				CLANG_CXX_LIBRARY = "libc++";
				CLANG_ENABLE_MODULES = YES;
				CLANG_ENABLE_OBJC_ARC = YES;
				CLANG_ENABLE_OBJC_WEAK = YES;
				CLANG_WARN_BLOCK_CAPTURE_AUTORELEASING = YES;
				CLANG_WARN_BOOL_CONVERSION = YES;
				CLANG_WARN_COMMA = YES;
				CLANG_WARN_CONSTANT_CONVERSION = YES;
				CLANG_WARN_DEPRECATED_OBJC_IMPLEMENTATIONS = YES;
				CLANG_WARN_DIRECT_OBJC_ISA_USAGE = YES_ERROR;
				CLANG_WARN_DOCUMENTATION_COMMENTS = YES;
				CLANG_WARN_EMPTY_BODY = YES;
				CLANG_WARN_ENUM_CONVERSION = YES;
				CLANG_WARN_INFINITE_RECURSION = YES;
				CLANG_WARN_INT_CONVERSION = YES;
				CLANG_WARN_NON_LITERAL_NULL_CONVERSION = YES;
				CLANG_WARN_OBJC_IMPLICIT_RETAIN_SELF = YES;
				CLANG_WARN_OBJC_LITERAL_CONVERSION = YES;
				CLANG_WARN_OBJC_ROOT_CLASS = YES_ERROR;
				CLANG_WARN_QUOTED_INCLUDE_IN_FRAMEWORK_HEADER = YES;
				CLANG_WARN_RANGE_LOOP_ANALYSIS = YES;
				CLANG_WARN_STRICT_PROTOTYPES = YES;
				CLANG_WARN_SUSPICIOUS_MOVE = YES;
				CLANG_WARN_UNGUARDED_AVAILABILITY = YES_AGGRESSIVE;
				CLANG_WARN_UNREACHABLE_CODE = YES;
				CLANG_WARN__DUPLICATE_METHOD_MATCH = YES;
				COPY_PHASE_STRIP = NO;
				DEBUG_INFORMATION_FORMAT = "dwarf-with-dsym";
				ENABLE_NS_ASSERTIONS = NO;
				ENABLE_STRICT_OBJC_MSGSEND = YES;
				GCC_C_LANGUAGE_STANDARD = gnu11;
				GCC_NO_COMMON_BLOCKS = YES;
				GCC_WARN_64_TO_32_BIT_CONVERSION = YES;
				GCC_WARN_ABOUT_RETURN_TYPE = YES_ERROR;
				GCC_WARN_UNDECLARED_SELECTOR = YES;
				GCC_WARN_UNINITIALIZED_AUTOS = YES_AGGRESSIVE;
				GCC_WARN_UNUSED_FUNCTION = YES;
				GCC_WARN_UNUSED_VARIABLE = YES;
				IPHONEOS_DEPLOYMENT_TARGET = 15.0;
				MTL_ENABLE_DEBUG_INFO = NO;
				MTL_FAST_MATH = YES;
				SDKROOT = iphoneos;
				SWIFT_COMPILATION_MODE = wholemodule;
				SWIFT_OPTIMIZATION_LEVEL = "-O";
				VALIDATE_PRODUCT = YES;
			};
			name = Release;
		};
		9F7D8CA9276E281700FCE4A5 /* Debug */ = {
			isa = XCBuildConfiguration;
			baseConfigurationReference = 27C8DC7E28E23FD41D2548E7 /* Pods-APITest.debug.xcconfig */;
			buildSettings = {
				ASSETCATALOG_COMPILER_APPICON_NAME = AppIcon;
				ASSETCATALOG_COMPILER_GLOBAL_ACCENT_COLOR_NAME = AccentColor;
				CODE_SIGN_STYLE = Automatic;
				CURRENT_PROJECT_VERSION = 1;
				DEVELOPMENT_TEAM = 8K8VT9C65D;
				GENERATE_INFOPLIST_FILE = YES;
				INFOPLIST_FILE = APITest/Info.plist;
				INFOPLIST_KEY_UIApplicationSupportsIndirectInputEvents = YES;
				INFOPLIST_KEY_UILaunchStoryboardName = LaunchScreen;
				INFOPLIST_KEY_UIMainStoryboardFile = MeetPlaceSearch;
				INFOPLIST_KEY_UISupportedInterfaceOrientations_iPad = "UIInterfaceOrientationPortrait UIInterfaceOrientationPortraitUpsideDown UIInterfaceOrientationLandscapeLeft UIInterfaceOrientationLandscapeRight";
				INFOPLIST_KEY_UISupportedInterfaceOrientations_iPhone = "UIInterfaceOrientationPortrait UIInterfaceOrientationLandscapeLeft UIInterfaceOrientationLandscapeRight";
				LD_RUNPATH_SEARCH_PATHS = (
					"$(inherited)",
					"@executable_path/Frameworks",
				);
				MARKETING_VERSION = 1.0;
				PRODUCT_BUNDLE_IDENTIFIER = iOSHaYeonStudy.APITest;
				PRODUCT_NAME = "$(TARGET_NAME)";
				SWIFT_EMIT_LOC_STRINGS = YES;
				SWIFT_VERSION = 5.0;
				TARGETED_DEVICE_FAMILY = "1,2";
			};
			name = Debug;
		};
		9F7D8CAA276E281700FCE4A5 /* Release */ = {
			isa = XCBuildConfiguration;
			baseConfigurationReference = E4AF6CF83FB16E70EDAA687B /* Pods-APITest.release.xcconfig */;
			buildSettings = {
				ASSETCATALOG_COMPILER_APPICON_NAME = AppIcon;
				ASSETCATALOG_COMPILER_GLOBAL_ACCENT_COLOR_NAME = AccentColor;
				CODE_SIGN_STYLE = Automatic;
				CURRENT_PROJECT_VERSION = 1;
				DEVELOPMENT_TEAM = 8K8VT9C65D;
				GENERATE_INFOPLIST_FILE = YES;
				INFOPLIST_FILE = APITest/Info.plist;
				INFOPLIST_KEY_UIApplicationSupportsIndirectInputEvents = YES;
				INFOPLIST_KEY_UILaunchStoryboardName = LaunchScreen;
				INFOPLIST_KEY_UIMainStoryboardFile = MeetPlaceSearch;
				INFOPLIST_KEY_UISupportedInterfaceOrientations_iPad = "UIInterfaceOrientationPortrait UIInterfaceOrientationPortraitUpsideDown UIInterfaceOrientationLandscapeLeft UIInterfaceOrientationLandscapeRight";
				INFOPLIST_KEY_UISupportedInterfaceOrientations_iPhone = "UIInterfaceOrientationPortrait UIInterfaceOrientationLandscapeLeft UIInterfaceOrientationLandscapeRight";
				LD_RUNPATH_SEARCH_PATHS = (
					"$(inherited)",
					"@executable_path/Frameworks",
				);
				MARKETING_VERSION = 1.0;
				PRODUCT_BUNDLE_IDENTIFIER = iOSHaYeonStudy.APITest;
				PRODUCT_NAME = "$(TARGET_NAME)";
				SWIFT_EMIT_LOC_STRINGS = YES;
				SWIFT_VERSION = 5.0;
				TARGETED_DEVICE_FAMILY = "1,2";
			};
			name = Release;
		};
/* End XCBuildConfiguration section */

/* Begin XCConfigurationList section */
		9F7D8C8F276E281500FCE4A5 /* Build configuration list for PBXProject "APITest" */ = {
			isa = XCConfigurationList;
			buildConfigurations = (
				9F7D8CA6276E281700FCE4A5 /* Debug */,
				9F7D8CA7276E281700FCE4A5 /* Release */,
			);
			defaultConfigurationIsVisible = 0;
			defaultConfigurationName = Release;
		};
		9F7D8CA8276E281700FCE4A5 /* Build configuration list for PBXNativeTarget "APITest" */ = {
			isa = XCConfigurationList;
			buildConfigurations = (
				9F7D8CA9276E281700FCE4A5 /* Debug */,
				9F7D8CAA276E281700FCE4A5 /* Release */,
			);
			defaultConfigurationIsVisible = 0;
			defaultConfigurationName = Release;
		};
/* End XCConfigurationList section */
	};
	rootObject = 9F7D8C8C276E281500FCE4A5 /* Project object */;
}
